// !$*UTF8*$!
{
	archiveVersion = 1;
	classes = {
	};
	objectVersion = 50;
	objects = {

/* Begin PBXBuildFile section */
		AB08BC90261F243800F26480 /* ChangeHelpSelectionButton.swift in Sources */ = {isa = PBXBuildFile; fileRef = AB08BC8F261F243800F26480 /* ChangeHelpSelectionButton.swift */; };
		AB08BC96261F25C900F26480 /* ChangeHelpButtonProperties.swift in Sources */ = {isa = PBXBuildFile; fileRef = AB08BC95261F25C900F26480 /* ChangeHelpButtonProperties.swift */; };
		AB08BC9F261F2EFC00F26480 /* change-help-button-style.swift in Sources */ = {isa = PBXBuildFile; fileRef = AB08BC9E261F2EFC00F26480 /* change-help-button-style.swift */; };
		AB08BCA7261F322000F26480 /* pointer-shown-on-hover.swift in Sources */ = {isa = PBXBuildFile; fileRef = AB08BCA6261F322000F26480 /* pointer-shown-on-hover.swift */; };
		AB08BCAD261F3FC100F26480 /* assembly-code-help.txt in Resources */ = {isa = PBXBuildFile; fileRef = AB08BCAC261F3FC100F26480 /* assembly-code-help.txt */; };
		AB08BCB3261F414D00F26480 /* show-help-styles.swift in Sources */ = {isa = PBXBuildFile; fileRef = AB08BCB2261F414D00F26480 /* show-help-styles.swift */; };
		AB08BCBA261F44E300F26480 /* ShowHelpHeaderButtonView.swift in Sources */ = {isa = PBXBuildFile; fileRef = AB08BCB9261F44E300F26480 /* ShowHelpHeaderButtonView.swift */; };
		AB08BCBE261F468E00F26480 /* instruction-set-help.txt in Resources */ = {isa = PBXBuildFile; fileRef = AB08BCBD261F468E00F26480 /* instruction-set-help.txt */; };
		AB1B9016261B91E80092CA63 /* AccumulatorView.swift in Sources */ = {isa = PBXBuildFile; fileRef = AB1B9015261B91E80092CA63 /* AccumulatorView.swift */; };
		AB1B901A261B92900092CA63 /* meta-data-for-components.swift in Sources */ = {isa = PBXBuildFile; fileRef = AB1B9019261B92900092CA63 /* meta-data-for-components.swift */; };
		AB1B9020261B96CB0092CA63 /* RegisterView.swift in Sources */ = {isa = PBXBuildFile; fileRef = AB1B901F261B96CB0092CA63 /* RegisterView.swift */; };
		AB1B9024261BA0880092CA63 /* text-editor-for-code-style.swift in Sources */ = {isa = PBXBuildFile; fileRef = AB1B9023261BA0880092CA63 /* text-editor-for-code-style.swift */; };
		AB1B902A261BA6A80092CA63 /* ErrorView.swift in Sources */ = {isa = PBXBuildFile; fileRef = AB1B9029261BA6A80092CA63 /* ErrorView.swift */; };
		AB2356F02617E5EB000C59C7 /* execution.swift in Sources */ = {isa = PBXBuildFile; fileRef = AB2356EF2617E5EB000C59C7 /* execution.swift */; };
		AB2356F52618656D000C59C7 /* run-cancel-pause-button-style.swift in Sources */ = {isa = PBXBuildFile; fileRef = AB2356F42618656D000C59C7 /* run-cancel-pause-button-style.swift */; };
		AB2356F9261866B5000C59C7 /* convert-rgb-value.swift in Sources */ = {isa = PBXBuildFile; fileRef = AB2356F8261866B5000C59C7 /* convert-rgb-value.swift */; };
		AB26C48B261DBCDC007E6C85 /* dynamic-button-labels-controller.swift in Sources */ = {isa = PBXBuildFile; fileRef = AB26C48A261DBCDC007E6C85 /* dynamic-button-labels-controller.swift */; };
		AB26C491261DC828007E6C85 /* accumulator-help.txt in Resources */ = {isa = PBXBuildFile; fileRef = AB26C490261DC828007E6C85 /* accumulator-help.txt */; };
		AB26C495261DCA8D007E6C85 /* output-help.txt in Resources */ = {isa = PBXBuildFile; fileRef = AB26C494261DCA8D007E6C85 /* output-help.txt */; };
		AB26C499261DCABA007E6C85 /* assembly-code-editor-help.txt in Resources */ = {isa = PBXBuildFile; fileRef = AB26C498261DCABA007E6C85 /* assembly-code-editor-help.txt */; };
		AB26C49F261DCB86007E6C85 /* declarations-editor-help.txt in Resources */ = {isa = PBXBuildFile; fileRef = AB26C49E261DCB86007E6C85 /* declarations-editor-help.txt */; };
		AB26C4A3261DCBFD007E6C85 /* input-help.txt in Resources */ = {isa = PBXBuildFile; fileRef = AB26C4A2261DCBFD007E6C85 /* input-help.txt */; };
		AB26C4A9261DCC4E007E6C85 /* extra-settings-help.txt in Resources */ = {isa = PBXBuildFile; fileRef = AB26C4A8261DCC4E007E6C85 /* extra-settings-help.txt */; };
		AB26C4AD261DCC6C007E6C85 /* registers-help.txt in Resources */ = {isa = PBXBuildFile; fileRef = AB26C4AC261DCC6C007E6C85 /* registers-help.txt */; };
		AB26C4B3261E1BE4007E6C85 /* HighlightedLeftAlignedHelpTextView.swift in Sources */ = {isa = PBXBuildFile; fileRef = AB26C4B2261E1BE4007E6C85 /* HighlightedLeftAlignedHelpTextView.swift */; };
		AB26C4C1261E64AB007E6C85 /* register-grid-item-styles.swift in Sources */ = {isa = PBXBuildFile; fileRef = AB26C4C0261E64AB007E6C85 /* register-grid-item-styles.swift */; };
		AB27330D26161C50000FE5E3 /* execution-errors.swift in Sources */ = {isa = PBXBuildFile; fileRef = AB27330C26161C50000FE5E3 /* execution-errors.swift */; };
		AB361A6A261A4ACD002372CE /* GridOfRegistersView.swift in Sources */ = {isa = PBXBuildFile; fileRef = AB361A69261A4ACD002372CE /* GridOfRegistersView.swift */; };
		AB3FA9962619EF9A00EAC84A /* OutputView.swift in Sources */ = {isa = PBXBuildFile; fileRef = AB3FA9952619EF9A00EAC84A /* OutputView.swift */; };
		AB3FA99C261A305200EAC84A /* InputBoxView.swift in Sources */ = {isa = PBXBuildFile; fileRef = AB3FA99B261A305200EAC84A /* InputBoxView.swift */; };
		AB5C843D262382F100A58FC2 /* open-help-sound.mp3 in Resources */ = {isa = PBXBuildFile; fileRef = AB5C843C262382F100A58FC2 /* open-help-sound.mp3 */; };
		AB5C8441262382FC00A58FC2 /* close-help-sound.mp3 in Resources */ = {isa = PBXBuildFile; fileRef = AB5C8440262382FC00A58FC2 /* close-help-sound.mp3 */; };
		AB5F7C8426261FBE006CE1EF /* start-execution-sound.mp3 in Resources */ = {isa = PBXBuildFile; fileRef = AB5F7C8026261FBE006CE1EF /* start-execution-sound.mp3 */; };
		AB5F7C8526261FBE006CE1EF /* resume-execution-sound.mp3 in Resources */ = {isa = PBXBuildFile; fileRef = AB5F7C8126261FBE006CE1EF /* resume-execution-sound.mp3 */; };
		AB5F7C8626261FBE006CE1EF /* stop-execution-sound.mp3 in Resources */ = {isa = PBXBuildFile; fileRef = AB5F7C8226261FBE006CE1EF /* stop-execution-sound.mp3 */; };
		AB5F7C8A2626223F006CE1EF /* pause-execution-sound.mp3 in Resources */ = {isa = PBXBuildFile; fileRef = AB5F7C892626223F006CE1EF /* pause-execution-sound.mp3 */; };
		AB62057626233CD400C65EB7 /* declaration-error-sound.mp3 in Resources */ = {isa = PBXBuildFile; fileRef = AB62057526233CD400C65EB7 /* declaration-error-sound.mp3 */; };
		AB62057A26233CE400C65EB7 /* run-time-error-sound.mp3 in Resources */ = {isa = PBXBuildFile; fileRef = AB62057926233CE400C65EB7 /* run-time-error-sound.mp3 */; };
		AB62058226233CF200C65EB7 /* no-code-error-sound.mp3 in Resources */ = {isa = PBXBuildFile; fileRef = AB62058126233CF200C65EB7 /* no-code-error-sound.mp3 */; };
		AB62058626233CF900C65EB7 /* assembly-error-sound.mp3 in Resources */ = {isa = PBXBuildFile; fileRef = AB62058526233CF900C65EB7 /* assembly-error-sound.mp3 */; };
		AB62058F262341E900C65EB7 /* sound-effect-controller.swift in Sources */ = {isa = PBXBuildFile; fileRef = AB62058E262341E900C65EB7 /* sound-effect-controller.swift */; };
		AB6205A126235ED900C65EB7 /* input-required-sound.mp3 in Resources */ = {isa = PBXBuildFile; fileRef = AB6205A026235ED900C65EB7 /* input-required-sound.mp3 */; };
		AB6311DC2624ABFF0089E1C2 /* square-number-solution.txt in Resources */ = {isa = PBXBuildFile; fileRef = AB6311DB2624ABFF0089E1C2 /* square-number-solution.txt */; };
		AB6311E02624C2D50089E1C2 /* multiples-solution.txt in Resources */ = {isa = PBXBuildFile; fileRef = AB6311DF2624C2D50089E1C2 /* multiples-solution.txt */; };
		AB6311E62624C8550089E1C2 /* fibonacci-solution.txt in Resources */ = {isa = PBXBuildFile; fileRef = AB6311E52624C8550089E1C2 /* fibonacci-solution.txt */; };
		AB6311EE2624CE670089E1C2 /* scramble-text.swift in Sources */ = {isa = PBXBuildFile; fileRef = AB6311ED2624CE670089E1C2 /* scramble-text.swift */; };
		AB6BE4262624D6EF00405D3A /* challenges-help.txt in Resources */ = {isa = PBXBuildFile; fileRef = AB6BE4252624D6EF00405D3A /* challenges-help.txt */; };
		AB728BDC261CBF970078E0B0 /* execution-speeds.swift in Sources */ = {isa = PBXBuildFile; fileRef = AB728BDB261CBF970078E0B0 /* execution-speeds.swift */; };
		AB728BE0261CCC560078E0B0 /* execution-options-controller.swift in Sources */ = {isa = PBXBuildFile; fileRef = AB728BDF261CCC560078E0B0 /* execution-options-controller.swift */; };
		AB728BE4261CD2A60078E0B0 /* options-headers.swift in Sources */ = {isa = PBXBuildFile; fileRef = AB728BE3261CD2A60078E0B0 /* options-headers.swift */; };
		AB728BE8261CD4000078E0B0 /* ExtraSettingsView.swift in Sources */ = {isa = PBXBuildFile; fileRef = AB728BE7261CD4000078E0B0 /* ExtraSettingsView.swift */; };
		AB728BF4261CD7C10078E0B0 /* input-submit-style.swift in Sources */ = {isa = PBXBuildFile; fileRef = AB728BF3261CD7C10078E0B0 /* input-submit-style.swift */; };
		AB728BF8261CD9AF0078E0B0 /* dynamic-button-label.swift in Sources */ = {isa = PBXBuildFile; fileRef = AB728BF7261CD9AF0078E0B0 /* dynamic-button-label.swift */; };
		AB728C02261CDAE90078E0B0 /* DynamicButtonView.swift in Sources */ = {isa = PBXBuildFile; fileRef = AB728C01261CDAE90078E0B0 /* DynamicButtonView.swift */; };
		AB728C08261CE8B00078E0B0 /* ShowHelpButtonView.swift in Sources */ = {isa = PBXBuildFile; fileRef = AB728C07261CE8B00078E0B0 /* ShowHelpButtonView.swift */; };
		AB728C0F261CEB960078E0B0 /* HeaderWithHelpView.swift in Sources */ = {isa = PBXBuildFile; fileRef = AB728C0E261CEB960078E0B0 /* HeaderWithHelpView.swift */; };
		AB728C18261CEE0B0078E0B0 /* help-controller.swift in Sources */ = {isa = PBXBuildFile; fileRef = AB728C17261CEE0B0078E0B0 /* help-controller.swift */; };
		AB728C1C261CEE720078E0B0 /* help-messages.swift in Sources */ = {isa = PBXBuildFile; fileRef = AB728C1B261CEE720078E0B0 /* help-messages.swift */; };
		AB728C26261CF5320078E0B0 /* HelpAlertView.swift in Sources */ = {isa = PBXBuildFile; fileRef = AB728C25261CF5320078E0B0 /* HelpAlertView.swift */; };
		AB91D4F226244F8C00550D65 /* challenge-container.swift in Sources */ = {isa = PBXBuildFile; fileRef = AB91D4F126244F8C00550D65 /* challenge-container.swift */; };
		AB91D4F82624502200550D65 /* the-assembly-challenges.swift in Sources */ = {isa = PBXBuildFile; fileRef = AB91D4F72624502200550D65 /* the-assembly-challenges.swift */; };
		AB91D4FD262451DE00550D65 /* multiply-two-numbers-solution.txt in Resources */ = {isa = PBXBuildFile; fileRef = AB91D4FC262451DE00550D65 /* multiply-two-numbers-solution.txt */; };
		AB91D5032624542D00550D65 /* divide-two-numbers-solution.txt in Resources */ = {isa = PBXBuildFile; fileRef = AB91D5022624542D00550D65 /* divide-two-numbers-solution.txt */; };
		AB91D50A2624566600550D65 /* ChallengeViewRow.swift in Sources */ = {isa = PBXBuildFile; fileRef = AB91D5092624566600550D65 /* ChallengeViewRow.swift */; };
		AB91D50F262457A200550D65 /* show-solution-button.swift in Sources */ = {isa = PBXBuildFile; fileRef = AB91D50E262457A200550D65 /* show-solution-button.swift */; };
		AB91D5162624583300550D65 /* challenge-text-styles.swift in Sources */ = {isa = PBXBuildFile; fileRef = AB91D5152624583300550D65 /* challenge-text-styles.swift */; };
		AB91D51E26245D0D00550D65 /* challenge-controller.swift in Sources */ = {isa = PBXBuildFile; fileRef = AB91D51D26245D0D00550D65 /* challenge-controller.swift */; };
		AB91D52226245DC800550D65 /* ChallengeListView.swift in Sources */ = {isa = PBXBuildFile; fileRef = AB91D52126245DC800550D65 /* ChallengeListView.swift */; };
		AB91D5262624636D00550D65 /* show-challenges-button.swift in Sources */ = {isa = PBXBuildFile; fileRef = AB91D5252624636D00550D65 /* show-challenges-button.swift */; };
		AB9D50C52616034500AE7B6B /* register-data.swift in Sources */ = {isa = PBXBuildFile; fileRef = AB9D50C42616034500AE7B6B /* register-data.swift */; };
		ABA880932615C98D0001817C /* assembly-services.swift in Sources */ = {isa = PBXBuildFile; fileRef = ABA880922615C98D0001817C /* assembly-services.swift */; };
		ABA8809B2615CA160001817C /* prepared-and-assembled-code.swift in Sources */ = {isa = PBXBuildFile; fileRef = ABA8809A2615CA160001817C /* prepared-and-assembled-code.swift */; };
		ABA880A32615CF730001817C /* assembly-controller.swift in Sources */ = {isa = PBXBuildFile; fileRef = ABA880A22615CF730001817C /* assembly-controller.swift */; };
		ABBC7EEC2613B3A8003C6047 /* LittleSwiftComputerApp.swift in Sources */ = {isa = PBXBuildFile; fileRef = ABBC7EEB2613B3A8003C6047 /* LittleSwiftComputerApp.swift */; };
		ABBC7EEE2613B3A8003C6047 /* LittleSwiftComputerView.swift in Sources */ = {isa = PBXBuildFile; fileRef = ABBC7EED2613B3A8003C6047 /* LittleSwiftComputerView.swift */; };
		ABBC7EF02613B3AA003C6047 /* Assets.xcassets in Resources */ = {isa = PBXBuildFile; fileRef = ABBC7EEF2613B3AA003C6047 /* Assets.xcassets */; };
		ABBC7EF32613B3AA003C6047 /* Preview Assets.xcassets in Resources */ = {isa = PBXBuildFile; fileRef = ABBC7EF22613B3AA003C6047 /* Preview Assets.xcassets */; };
		ABBC7F002613B401003C6047 /* assembled-instruction.swift in Sources */ = {isa = PBXBuildFile; fileRef = ABBC7EFF2613B400003C6047 /* assembled-instruction.swift */; };
		ABBC7F032613B41D003C6047 /* assembly-operators.swift in Sources */ = {isa = PBXBuildFile; fileRef = ABBC7F022613B41D003C6047 /* assembly-operators.swift */; };
		ABBC7F062613B435003C6047 /* safe-array-access.swift in Sources */ = {isa = PBXBuildFile; fileRef = ABBC7F052613B435003C6047 /* safe-array-access.swift */; };
		ABBC7F092613B444003C6047 /* assembler.swift in Sources */ = {isa = PBXBuildFile; fileRef = ABBC7F082613B444003C6047 /* assembler.swift */; };
		ABBC7F122613B4BD003C6047 /* LittleSwiftComputerTests.swift in Sources */ = {isa = PBXBuildFile; fileRef = ABBC7F112613B4BD003C6047 /* LittleSwiftComputerTests.swift */; };
		ABBC7F1D2613B810003C6047 /* branch-placeholder.swift in Sources */ = {isa = PBXBuildFile; fileRef = ABBC7F1C2613B810003C6047 /* branch-placeholder.swift */; };
		ABBC7F232613B824003C6047 /* assembled-code.swift in Sources */ = {isa = PBXBuildFile; fileRef = ABBC7F222613B824003C6047 /* assembled-code.swift */; };
		ABC5FBA62614A2710095BB70 /* execution-controller.swift in Sources */ = {isa = PBXBuildFile; fileRef = ABC5FBA52614A2710095BB70 /* execution-controller.swift */; };
		ABC5FBAA2614A2ED0095BB70 /* errors-from-assembly.swift in Sources */ = {isa = PBXBuildFile; fileRef = ABC5FBA92614A2ED0095BB70 /* errors-from-assembly.swift */; };
		ABC5FBAE2614C19D0095BB70 /* errors-from-declarations.swift in Sources */ = {isa = PBXBuildFile; fileRef = ABC5FBAD2614C19D0095BB70 /* errors-from-declarations.swift */; };
		ABC5FBB32614C20A0095BB70 /* variable-declaration-parsing.swift in Sources */ = {isa = PBXBuildFile; fileRef = ABC5FBB22614C20A0095BB70 /* variable-declaration-parsing.swift */; };
		ABC5FBBD2614C3E10095BB70 /* declared-variable.swift in Sources */ = {isa = PBXBuildFile; fileRef = ABC5FBBC2614C3E10095BB70 /* declared-variable.swift */; };
		ABC5FBC42614C5170095BB70 /* string-to-enumerated-lines.swift in Sources */ = {isa = PBXBuildFile; fileRef = ABC5FBC32614C5170095BB70 /* string-to-enumerated-lines.swift */; };
		ABC5FBC82614EFBA0095BB70 /* string-split-into-components-remove-empties.swift in Sources */ = {isa = PBXBuildFile; fileRef = ABC5FBC72614EFBA0095BB70 /* string-split-into-components-remove-empties.swift */; };
/* End PBXBuildFile section */

/* Begin PBXContainerItemProxy section */
		ABBC7F142613B4BD003C6047 /* PBXContainerItemProxy */ = {
			isa = PBXContainerItemProxy;
			containerPortal = ABBC7EE02613B3A8003C6047 /* Project object */;
			proxyType = 1;
			remoteGlobalIDString = ABBC7EE72613B3A8003C6047;
			remoteInfo = LittleSwiftComputer;
		};
/* End PBXContainerItemProxy section */

/* Begin PBXFileReference section */
		AB08BC8F261F243800F26480 /* ChangeHelpSelectionButton.swift */ = {isa = PBXFileReference; lastKnownFileType = sourcecode.swift; path = ChangeHelpSelectionButton.swift; sourceTree = "<group>"; };
		AB08BC95261F25C900F26480 /* ChangeHelpButtonProperties.swift */ = {isa = PBXFileReference; lastKnownFileType = sourcecode.swift; path = ChangeHelpButtonProperties.swift; sourceTree = "<group>"; };
		AB08BC9E261F2EFC00F26480 /* change-help-button-style.swift */ = {isa = PBXFileReference; lastKnownFileType = sourcecode.swift; path = "change-help-button-style.swift"; sourceTree = "<group>"; };
		AB08BCA6261F322000F26480 /* pointer-shown-on-hover.swift */ = {isa = PBXFileReference; lastKnownFileType = sourcecode.swift; path = "pointer-shown-on-hover.swift"; sourceTree = "<group>"; };
		AB08BCAC261F3FC100F26480 /* assembly-code-help.txt */ = {isa = PBXFileReference; lastKnownFileType = text; path = "assembly-code-help.txt"; sourceTree = "<group>"; };
		AB08BCB2261F414D00F26480 /* show-help-styles.swift */ = {isa = PBXFileReference; lastKnownFileType = sourcecode.swift; path = "show-help-styles.swift"; sourceTree = "<group>"; };
		AB08BCB9261F44E300F26480 /* ShowHelpHeaderButtonView.swift */ = {isa = PBXFileReference; lastKnownFileType = sourcecode.swift; path = ShowHelpHeaderButtonView.swift; sourceTree = "<group>"; };
		AB08BCBD261F468E00F26480 /* instruction-set-help.txt */ = {isa = PBXFileReference; lastKnownFileType = text; path = "instruction-set-help.txt"; sourceTree = "<group>"; };
		AB1B9015261B91E80092CA63 /* AccumulatorView.swift */ = {isa = PBXFileReference; lastKnownFileType = sourcecode.swift; path = AccumulatorView.swift; sourceTree = "<group>"; };
		AB1B9019261B92900092CA63 /* meta-data-for-components.swift */ = {isa = PBXFileReference; lastKnownFileType = sourcecode.swift; path = "meta-data-for-components.swift"; sourceTree = "<group>"; };
		AB1B901F261B96CB0092CA63 /* RegisterView.swift */ = {isa = PBXFileReference; lastKnownFileType = sourcecode.swift; path = RegisterView.swift; sourceTree = "<group>"; };
		AB1B9023261BA0880092CA63 /* text-editor-for-code-style.swift */ = {isa = PBXFileReference; lastKnownFileType = sourcecode.swift; path = "text-editor-for-code-style.swift"; sourceTree = "<group>"; };
		AB1B9029261BA6A80092CA63 /* ErrorView.swift */ = {isa = PBXFileReference; lastKnownFileType = sourcecode.swift; path = ErrorView.swift; sourceTree = "<group>"; };
		AB2356EF2617E5EB000C59C7 /* execution.swift */ = {isa = PBXFileReference; lastKnownFileType = sourcecode.swift; path = execution.swift; sourceTree = "<group>"; };
		AB2356F42618656D000C59C7 /* run-cancel-pause-button-style.swift */ = {isa = PBXFileReference; lastKnownFileType = sourcecode.swift; path = "run-cancel-pause-button-style.swift"; sourceTree = "<group>"; };
		AB2356F8261866B5000C59C7 /* convert-rgb-value.swift */ = {isa = PBXFileReference; lastKnownFileType = sourcecode.swift; path = "convert-rgb-value.swift"; sourceTree = "<group>"; };
		AB26C48A261DBCDC007E6C85 /* dynamic-button-labels-controller.swift */ = {isa = PBXFileReference; lastKnownFileType = sourcecode.swift; path = "dynamic-button-labels-controller.swift"; sourceTree = "<group>"; };
		AB26C490261DC828007E6C85 /* accumulator-help.txt */ = {isa = PBXFileReference; lastKnownFileType = text; path = "accumulator-help.txt"; sourceTree = "<group>"; };
		AB26C494261DCA8D007E6C85 /* output-help.txt */ = {isa = PBXFileReference; lastKnownFileType = text; path = "output-help.txt"; sourceTree = "<group>"; };
		AB26C498261DCABA007E6C85 /* assembly-code-editor-help.txt */ = {isa = PBXFileReference; lastKnownFileType = text; path = "assembly-code-editor-help.txt"; sourceTree = "<group>"; };
		AB26C49E261DCB86007E6C85 /* declarations-editor-help.txt */ = {isa = PBXFileReference; lastKnownFileType = text; path = "declarations-editor-help.txt"; sourceTree = "<group>"; };
		AB26C4A2261DCBFD007E6C85 /* input-help.txt */ = {isa = PBXFileReference; lastKnownFileType = text; path = "input-help.txt"; sourceTree = "<group>"; };
		AB26C4A8261DCC4E007E6C85 /* extra-settings-help.txt */ = {isa = PBXFileReference; lastKnownFileType = text; path = "extra-settings-help.txt"; sourceTree = "<group>"; };
		AB26C4AC261DCC6C007E6C85 /* registers-help.txt */ = {isa = PBXFileReference; lastKnownFileType = text; path = "registers-help.txt"; sourceTree = "<group>"; };
		AB26C4B2261E1BE4007E6C85 /* HighlightedLeftAlignedHelpTextView.swift */ = {isa = PBXFileReference; lastKnownFileType = sourcecode.swift; path = HighlightedLeftAlignedHelpTextView.swift; sourceTree = "<group>"; };
		AB26C4C0261E64AB007E6C85 /* register-grid-item-styles.swift */ = {isa = PBXFileReference; lastKnownFileType = sourcecode.swift; path = "register-grid-item-styles.swift"; sourceTree = "<group>"; };
		AB27330C26161C50000FE5E3 /* execution-errors.swift */ = {isa = PBXFileReference; lastKnownFileType = sourcecode.swift; path = "execution-errors.swift"; sourceTree = "<group>"; };
		AB361A69261A4ACD002372CE /* GridOfRegistersView.swift */ = {isa = PBXFileReference; lastKnownFileType = sourcecode.swift; path = GridOfRegistersView.swift; sourceTree = "<group>"; };
		AB3FA9952619EF9A00EAC84A /* OutputView.swift */ = {isa = PBXFileReference; lastKnownFileType = sourcecode.swift; path = OutputView.swift; sourceTree = "<group>"; };
		AB3FA99B261A305200EAC84A /* InputBoxView.swift */ = {isa = PBXFileReference; lastKnownFileType = sourcecode.swift; path = InputBoxView.swift; sourceTree = "<group>"; };
		AB5C843C262382F100A58FC2 /* open-help-sound.mp3 */ = {isa = PBXFileReference; lastKnownFileType = audio.mp3; path = "open-help-sound.mp3"; sourceTree = "<group>"; };
		AB5C8440262382FC00A58FC2 /* close-help-sound.mp3 */ = {isa = PBXFileReference; lastKnownFileType = audio.mp3; path = "close-help-sound.mp3"; sourceTree = "<group>"; };
		AB5F7C8026261FBE006CE1EF /* start-execution-sound.mp3 */ = {isa = PBXFileReference; lastKnownFileType = audio.mp3; path = "start-execution-sound.mp3"; sourceTree = "<group>"; };
		AB5F7C8126261FBE006CE1EF /* resume-execution-sound.mp3 */ = {isa = PBXFileReference; lastKnownFileType = audio.mp3; path = "resume-execution-sound.mp3"; sourceTree = "<group>"; };
		AB5F7C8226261FBE006CE1EF /* stop-execution-sound.mp3 */ = {isa = PBXFileReference; lastKnownFileType = audio.mp3; path = "stop-execution-sound.mp3"; sourceTree = "<group>"; };
		AB5F7C892626223F006CE1EF /* pause-execution-sound.mp3 */ = {isa = PBXFileReference; lastKnownFileType = audio.mp3; name = "pause-execution-sound.mp3"; path = "../../../../../../../Desktop/pause-execution-sound.mp3"; sourceTree = "<group>"; };
		AB62057526233CD400C65EB7 /* declaration-error-sound.mp3 */ = {isa = PBXFileReference; lastKnownFileType = audio.mp3; path = "declaration-error-sound.mp3"; sourceTree = "<group>"; };
		AB62057926233CE400C65EB7 /* run-time-error-sound.mp3 */ = {isa = PBXFileReference; lastKnownFileType = audio.mp3; path = "run-time-error-sound.mp3"; sourceTree = "<group>"; };
		AB62058126233CF200C65EB7 /* no-code-error-sound.mp3 */ = {isa = PBXFileReference; lastKnownFileType = audio.mp3; path = "no-code-error-sound.mp3"; sourceTree = "<group>"; };
		AB62058526233CF900C65EB7 /* assembly-error-sound.mp3 */ = {isa = PBXFileReference; lastKnownFileType = audio.mp3; path = "assembly-error-sound.mp3"; sourceTree = "<group>"; };
		AB62058E262341E900C65EB7 /* sound-effect-controller.swift */ = {isa = PBXFileReference; lastKnownFileType = sourcecode.swift; path = "sound-effect-controller.swift"; sourceTree = "<group>"; };
		AB6205A026235ED900C65EB7 /* input-required-sound.mp3 */ = {isa = PBXFileReference; lastKnownFileType = audio.mp3; path = "input-required-sound.mp3"; sourceTree = "<group>"; };
		AB6311DB2624ABFF0089E1C2 /* square-number-solution.txt */ = {isa = PBXFileReference; lastKnownFileType = text; path = "square-number-solution.txt"; sourceTree = "<group>"; };
		AB6311DF2624C2D50089E1C2 /* multiples-solution.txt */ = {isa = PBXFileReference; lastKnownFileType = text; path = "multiples-solution.txt"; sourceTree = "<group>"; };
		AB6311E52624C8550089E1C2 /* fibonacci-solution.txt */ = {isa = PBXFileReference; lastKnownFileType = text; path = "fibonacci-solution.txt"; sourceTree = "<group>"; };
		AB6311ED2624CE670089E1C2 /* scramble-text.swift */ = {isa = PBXFileReference; lastKnownFileType = sourcecode.swift; path = "scramble-text.swift"; sourceTree = "<group>"; };
		AB6BE4252624D6EF00405D3A /* challenges-help.txt */ = {isa = PBXFileReference; lastKnownFileType = text; path = "challenges-help.txt"; sourceTree = "<group>"; };
		AB728BDB261CBF970078E0B0 /* execution-speeds.swift */ = {isa = PBXFileReference; lastKnownFileType = sourcecode.swift; path = "execution-speeds.swift"; sourceTree = "<group>"; };
		AB728BDF261CCC560078E0B0 /* execution-options-controller.swift */ = {isa = PBXFileReference; lastKnownFileType = sourcecode.swift; path = "execution-options-controller.swift"; sourceTree = "<group>"; };
		AB728BE3261CD2A60078E0B0 /* options-headers.swift */ = {isa = PBXFileReference; lastKnownFileType = sourcecode.swift; path = "options-headers.swift"; sourceTree = "<group>"; };
		AB728BE7261CD4000078E0B0 /* ExtraSettingsView.swift */ = {isa = PBXFileReference; lastKnownFileType = sourcecode.swift; path = ExtraSettingsView.swift; sourceTree = "<group>"; };
		AB728BF3261CD7C10078E0B0 /* input-submit-style.swift */ = {isa = PBXFileReference; lastKnownFileType = sourcecode.swift; path = "input-submit-style.swift"; sourceTree = "<group>"; };
		AB728BF7261CD9AF0078E0B0 /* dynamic-button-label.swift */ = {isa = PBXFileReference; lastKnownFileType = sourcecode.swift; path = "dynamic-button-label.swift"; sourceTree = "<group>"; };
		AB728C01261CDAE90078E0B0 /* DynamicButtonView.swift */ = {isa = PBXFileReference; lastKnownFileType = sourcecode.swift; path = DynamicButtonView.swift; sourceTree = "<group>"; };
		AB728C07261CE8B00078E0B0 /* ShowHelpButtonView.swift */ = {isa = PBXFileReference; lastKnownFileType = sourcecode.swift; path = ShowHelpButtonView.swift; sourceTree = "<group>"; };
		AB728C0E261CEB960078E0B0 /* HeaderWithHelpView.swift */ = {isa = PBXFileReference; lastKnownFileType = sourcecode.swift; path = HeaderWithHelpView.swift; sourceTree = "<group>"; };
		AB728C17261CEE0B0078E0B0 /* help-controller.swift */ = {isa = PBXFileReference; lastKnownFileType = sourcecode.swift; path = "help-controller.swift"; sourceTree = "<group>"; };
		AB728C1B261CEE720078E0B0 /* help-messages.swift */ = {isa = PBXFileReference; lastKnownFileType = sourcecode.swift; path = "help-messages.swift"; sourceTree = "<group>"; };
		AB728C25261CF5320078E0B0 /* HelpAlertView.swift */ = {isa = PBXFileReference; lastKnownFileType = sourcecode.swift; path = HelpAlertView.swift; sourceTree = "<group>"; };
		AB91D4F126244F8C00550D65 /* challenge-container.swift */ = {isa = PBXFileReference; lastKnownFileType = sourcecode.swift; path = "challenge-container.swift"; sourceTree = "<group>"; };
		AB91D4F72624502200550D65 /* the-assembly-challenges.swift */ = {isa = PBXFileReference; lastKnownFileType = sourcecode.swift; path = "the-assembly-challenges.swift"; sourceTree = "<group>"; };
		AB91D4FC262451DE00550D65 /* multiply-two-numbers-solution.txt */ = {isa = PBXFileReference; lastKnownFileType = text; path = "multiply-two-numbers-solution.txt"; sourceTree = "<group>"; };
		AB91D5022624542D00550D65 /* divide-two-numbers-solution.txt */ = {isa = PBXFileReference; lastKnownFileType = text; path = "divide-two-numbers-solution.txt"; sourceTree = "<group>"; };
		AB91D5092624566600550D65 /* ChallengeViewRow.swift */ = {isa = PBXFileReference; lastKnownFileType = sourcecode.swift; path = ChallengeViewRow.swift; sourceTree = "<group>"; };
		AB91D50E262457A200550D65 /* show-solution-button.swift */ = {isa = PBXFileReference; lastKnownFileType = sourcecode.swift; path = "show-solution-button.swift"; sourceTree = "<group>"; };
		AB91D5152624583300550D65 /* challenge-text-styles.swift */ = {isa = PBXFileReference; lastKnownFileType = sourcecode.swift; path = "challenge-text-styles.swift"; sourceTree = "<group>"; };
		AB91D51D26245D0D00550D65 /* challenge-controller.swift */ = {isa = PBXFileReference; lastKnownFileType = sourcecode.swift; path = "challenge-controller.swift"; sourceTree = "<group>"; };
		AB91D52126245DC800550D65 /* ChallengeListView.swift */ = {isa = PBXFileReference; lastKnownFileType = sourcecode.swift; path = ChallengeListView.swift; sourceTree = "<group>"; };
		AB91D5252624636D00550D65 /* show-challenges-button.swift */ = {isa = PBXFileReference; lastKnownFileType = sourcecode.swift; path = "show-challenges-button.swift"; sourceTree = "<group>"; };
		AB9D50C42616034500AE7B6B /* register-data.swift */ = {isa = PBXFileReference; lastKnownFileType = sourcecode.swift; path = "register-data.swift"; sourceTree = "<group>"; };
		ABA880922615C98D0001817C /* assembly-services.swift */ = {isa = PBXFileReference; lastKnownFileType = sourcecode.swift; path = "assembly-services.swift"; sourceTree = "<group>"; };
		ABA8809A2615CA160001817C /* prepared-and-assembled-code.swift */ = {isa = PBXFileReference; lastKnownFileType = sourcecode.swift; path = "prepared-and-assembled-code.swift"; sourceTree = "<group>"; };
		ABA880A22615CF730001817C /* assembly-controller.swift */ = {isa = PBXFileReference; lastKnownFileType = sourcecode.swift; path = "assembly-controller.swift"; sourceTree = "<group>"; };
		ABBC7EE82613B3A8003C6047 /* LittleSwiftComputer.app */ = {isa = PBXFileReference; explicitFileType = wrapper.application; includeInIndex = 0; path = LittleSwiftComputer.app; sourceTree = BUILT_PRODUCTS_DIR; };
		ABBC7EEB2613B3A8003C6047 /* LittleSwiftComputerApp.swift */ = {isa = PBXFileReference; lastKnownFileType = sourcecode.swift; path = LittleSwiftComputerApp.swift; sourceTree = "<group>"; };
		ABBC7EED2613B3A8003C6047 /* LittleSwiftComputerView.swift */ = {isa = PBXFileReference; lastKnownFileType = sourcecode.swift; path = LittleSwiftComputerView.swift; sourceTree = "<group>"; };
		ABBC7EEF2613B3AA003C6047 /* Assets.xcassets */ = {isa = PBXFileReference; lastKnownFileType = folder.assetcatalog; path = Assets.xcassets; sourceTree = "<group>"; };
		ABBC7EF22613B3AA003C6047 /* Preview Assets.xcassets */ = {isa = PBXFileReference; lastKnownFileType = folder.assetcatalog; path = "Preview Assets.xcassets"; sourceTree = "<group>"; };
		ABBC7EF42613B3AA003C6047 /* Info.plist */ = {isa = PBXFileReference; lastKnownFileType = text.plist.xml; path = Info.plist; sourceTree = "<group>"; };
		ABBC7EF52613B3AA003C6047 /* LittleSwiftComputer.entitlements */ = {isa = PBXFileReference; lastKnownFileType = text.plist.entitlements; path = LittleSwiftComputer.entitlements; sourceTree = "<group>"; };
		ABBC7EFF2613B400003C6047 /* assembled-instruction.swift */ = {isa = PBXFileReference; lastKnownFileType = sourcecode.swift; path = "assembled-instruction.swift"; sourceTree = "<group>"; };
		ABBC7F022613B41D003C6047 /* assembly-operators.swift */ = {isa = PBXFileReference; lastKnownFileType = sourcecode.swift; path = "assembly-operators.swift"; sourceTree = "<group>"; };
		ABBC7F052613B435003C6047 /* safe-array-access.swift */ = {isa = PBXFileReference; lastKnownFileType = sourcecode.swift; path = "safe-array-access.swift"; sourceTree = "<group>"; };
		ABBC7F082613B444003C6047 /* assembler.swift */ = {isa = PBXFileReference; lastKnownFileType = sourcecode.swift; path = assembler.swift; sourceTree = "<group>"; };
		ABBC7F0F2613B4BD003C6047 /* LittleSwiftComputerTests.xctest */ = {isa = PBXFileReference; explicitFileType = wrapper.cfbundle; includeInIndex = 0; path = LittleSwiftComputerTests.xctest; sourceTree = BUILT_PRODUCTS_DIR; };
		ABBC7F112613B4BD003C6047 /* LittleSwiftComputerTests.swift */ = {isa = PBXFileReference; lastKnownFileType = sourcecode.swift; path = LittleSwiftComputerTests.swift; sourceTree = "<group>"; };
		ABBC7F132613B4BD003C6047 /* Info.plist */ = {isa = PBXFileReference; lastKnownFileType = text.plist.xml; path = Info.plist; sourceTree = "<group>"; };
		ABBC7F1C2613B810003C6047 /* branch-placeholder.swift */ = {isa = PBXFileReference; lastKnownFileType = sourcecode.swift; path = "branch-placeholder.swift"; sourceTree = "<group>"; };
		ABBC7F222613B824003C6047 /* assembled-code.swift */ = {isa = PBXFileReference; lastKnownFileType = sourcecode.swift; path = "assembled-code.swift"; sourceTree = "<group>"; };
		ABC5FBA52614A2710095BB70 /* execution-controller.swift */ = {isa = PBXFileReference; lastKnownFileType = sourcecode.swift; path = "execution-controller.swift"; sourceTree = "<group>"; };
		ABC5FBA92614A2ED0095BB70 /* errors-from-assembly.swift */ = {isa = PBXFileReference; lastKnownFileType = sourcecode.swift; path = "errors-from-assembly.swift"; sourceTree = "<group>"; };
		ABC5FBAD2614C19D0095BB70 /* errors-from-declarations.swift */ = {isa = PBXFileReference; lastKnownFileType = sourcecode.swift; path = "errors-from-declarations.swift"; sourceTree = "<group>"; };
		ABC5FBB22614C20A0095BB70 /* variable-declaration-parsing.swift */ = {isa = PBXFileReference; lastKnownFileType = sourcecode.swift; path = "variable-declaration-parsing.swift"; sourceTree = "<group>"; };
		ABC5FBBC2614C3E10095BB70 /* declared-variable.swift */ = {isa = PBXFileReference; lastKnownFileType = sourcecode.swift; path = "declared-variable.swift"; sourceTree = "<group>"; };
		ABC5FBC32614C5170095BB70 /* string-to-enumerated-lines.swift */ = {isa = PBXFileReference; lastKnownFileType = sourcecode.swift; path = "string-to-enumerated-lines.swift"; sourceTree = "<group>"; };
		ABC5FBC72614EFBA0095BB70 /* string-split-into-components-remove-empties.swift */ = {isa = PBXFileReference; lastKnownFileType = sourcecode.swift; path = "string-split-into-components-remove-empties.swift"; sourceTree = "<group>"; };
/* End PBXFileReference section */

/* Begin PBXFrameworksBuildPhase section */
		ABBC7EE52613B3A8003C6047 /* Frameworks */ = {
			isa = PBXFrameworksBuildPhase;
			buildActionMask = 2147483647;
			files = (
			);
			runOnlyForDeploymentPostprocessing = 0;
		};
		ABBC7F0C2613B4BD003C6047 /* Frameworks */ = {
			isa = PBXFrameworksBuildPhase;
			buildActionMask = 2147483647;
			files = (
			);
			runOnlyForDeploymentPostprocessing = 0;
		};
/* End PBXFrameworksBuildPhase section */

/* Begin PBXGroup section */
		AB08BC99261F25D100F26480 /* Help */ = {
			isa = PBXGroup;
			children = (
				AB728C1B261CEE720078E0B0 /* help-messages.swift */,
				AB08BC95261F25C900F26480 /* ChangeHelpButtonProperties.swift */,
			);
			path = Help;
			sourceTree = "<group>";
		};
		AB08BCB6261F416A00F26480 /* Help */ = {
			isa = PBXGroup;
			children = (
				AB08BC9E261F2EFC00F26480 /* change-help-button-style.swift */,
				AB08BCB2261F414D00F26480 /* show-help-styles.swift */,
			);
			path = Help;
			sourceTree = "<group>";
		};
		AB1B902D261BAD050092CA63 /* GridOfRegisters */ = {
			isa = PBXGroup;
			children = (
				AB1B901F261B96CB0092CA63 /* RegisterView.swift */,
				AB361A69261A4ACD002372CE /* GridOfRegistersView.swift */,
			);
			path = GridOfRegisters;
			sourceTree = "<group>";
		};
		AB1B902E261BAD2C0092CA63 /* MiddleColumnOfMainView */ = {
			isa = PBXGroup;
			children = (
				AB728BE7261CD4000078E0B0 /* ExtraSettingsView.swift */,
				AB3FA9952619EF9A00EAC84A /* OutputView.swift */,
				AB3FA99B261A305200EAC84A /* InputBoxView.swift */,
				AB1B9015261B91E80092CA63 /* AccumulatorView.swift */,
			);
			path = MiddleColumnOfMainView;
			sourceTree = "<group>";
		};
		AB2356E82617E570000C59C7 /* Controllers */ = {
			isa = PBXGroup;
			children = (
				ABA880A22615CF730001817C /* assembly-controller.swift */,
				ABC5FBA52614A2710095BB70 /* execution-controller.swift */,
				AB728BDF261CCC560078E0B0 /* execution-options-controller.swift */,
				AB728C17261CEE0B0078E0B0 /* help-controller.swift */,
				AB26C48A261DBCDC007E6C85 /* dynamic-button-labels-controller.swift */,
				AB62058E262341E900C65EB7 /* sound-effect-controller.swift */,
				AB91D51D26245D0D00550D65 /* challenge-controller.swift */,
			);
			path = Controllers;
			sourceTree = "<group>";
		};
		AB2356F326186544000C59C7 /* UI-Styled-Components */ = {
			isa = PBXGroup;
			children = (
				AB1B9019261B92900092CA63 /* meta-data-for-components.swift */,
				AB728C06261CE85D0078E0B0 /* Styles */,
				AB2356FC26186A4B000C59C7 /* Run-Cancel-Pause-Buttons */,
				AB08BCA6261F322000F26480 /* pointer-shown-on-hover.swift */,
			);
			path = "UI-Styled-Components";
			sourceTree = "<group>";
		};
		AB2356FC26186A4B000C59C7 /* Run-Cancel-Pause-Buttons */ = {
			isa = PBXGroup;
			children = (
				AB2356F42618656D000C59C7 /* run-cancel-pause-button-style.swift */,
			);
			path = "Run-Cancel-Pause-Buttons";
			sourceTree = "<group>";
		};
		AB3FA9942619EF7E00EAC84A /* Views */ = {
			isa = PBXGroup;
			children = (
				AB91D5082624565800550D65 /* Challenges */,
				AB728C14261CEBEF0078E0B0 /* HelpViews */,
				AB728C0D261CEB760078E0B0 /* UtilityViews */,
				AB1B902E261BAD2C0092CA63 /* MiddleColumnOfMainView */,
				AB1B902D261BAD050092CA63 /* GridOfRegisters */,
				ABBC7EED2613B3A8003C6047 /* LittleSwiftComputerView.swift */,
				AB1B9029261BA6A80092CA63 /* ErrorView.swift */,
			);
			path = Views;
			sourceTree = "<group>";
		};
		AB5C8439262382C000A58FC2 /* AssemblySounds */ = {
			isa = PBXGroup;
			children = (
				AB62057526233CD400C65EB7 /* declaration-error-sound.mp3 */,
				AB62058526233CF900C65EB7 /* assembly-error-sound.mp3 */,
				AB62058126233CF200C65EB7 /* no-code-error-sound.mp3 */,
			);
			path = AssemblySounds;
			sourceTree = "<group>";
		};
		AB5C843A262382D300A58FC2 /* ExecutionSounds */ = {
			isa = PBXGroup;
			children = (
				AB6205A026235ED900C65EB7 /* input-required-sound.mp3 */,
				AB62057926233CE400C65EB7 /* run-time-error-sound.mp3 */,
			);
			path = ExecutionSounds;
			sourceTree = "<group>";
		};
		AB5C843B262382DE00A58FC2 /* HelpSounds */ = {
			isa = PBXGroup;
			children = (
				AB5C8440262382FC00A58FC2 /* close-help-sound.mp3 */,
				AB5C843C262382F100A58FC2 /* open-help-sound.mp3 */,
			);
			path = HelpSounds;
			sourceTree = "<group>";
		};
		AB5F7C7E26261FAD006CE1EF /* StartStopPauseSounds */ = {
			isa = PBXGroup;
			children = (
				AB5F7C892626223F006CE1EF /* pause-execution-sound.mp3 */,
				AB5F7C8126261FBE006CE1EF /* resume-execution-sound.mp3 */,
				AB5F7C8026261FBE006CE1EF /* start-execution-sound.mp3 */,
				AB5F7C8226261FBE006CE1EF /* stop-execution-sound.mp3 */,
			);
			path = StartStopPauseSounds;
			sourceTree = "<group>";
		};
		AB62057426233CC300C65EB7 /* Sounds */ = {
			isa = PBXGroup;
			children = (
				AB5F7C7E26261FAD006CE1EF /* StartStopPauseSounds */,
				AB5C843B262382DE00A58FC2 /* HelpSounds */,
				AB5C843A262382D300A58FC2 /* ExecutionSounds */,
				AB5C8439262382C000A58FC2 /* AssemblySounds */,
			);
			path = Sounds;
			sourceTree = "<group>";
		};
		AB728C05261CE76E0078E0B0 /* Extensions */ = {
			isa = PBXGroup;
			children = (
				ABC5FBCB2614EFF60095BB70 /* String-Extensions */,
				ABBC7F052613B435003C6047 /* safe-array-access.swift */,
				AB2356F8261866B5000C59C7 /* convert-rgb-value.swift */,
			);
			path = Extensions;
			sourceTree = "<group>";
		};
		AB728C06261CE85D0078E0B0 /* Styles */ = {
			isa = PBXGroup;
			children = (
				AB91D50D2624578E00550D65 /* Challenges */,
				AB08BCB6261F416A00F26480 /* Help */,
				AB1B9023261BA0880092CA63 /* text-editor-for-code-style.swift */,
				AB728BE3261CD2A60078E0B0 /* options-headers.swift */,
				AB728BF3261CD7C10078E0B0 /* input-submit-style.swift */,
				AB26C4C0261E64AB007E6C85 /* register-grid-item-styles.swift */,
			);
			path = Styles;
			sourceTree = "<group>";
		};
		AB728C0D261CEB760078E0B0 /* UtilityViews */ = {
			isa = PBXGroup;
			children = (
				AB728C01261CDAE90078E0B0 /* DynamicButtonView.swift */,
			);
			path = UtilityViews;
			sourceTree = "<group>";
		};
		AB728C14261CEBEF0078E0B0 /* HelpViews */ = {
			isa = PBXGroup;
			children = (
				AB728C07261CE8B00078E0B0 /* ShowHelpButtonView.swift */,
				AB728C0E261CEB960078E0B0 /* HeaderWithHelpView.swift */,
				AB728C25261CF5320078E0B0 /* HelpAlertView.swift */,
				AB26C4B2261E1BE4007E6C85 /* HighlightedLeftAlignedHelpTextView.swift */,
				AB08BC8F261F243800F26480 /* ChangeHelpSelectionButton.swift */,
				AB08BCB9261F44E300F26480 /* ShowHelpHeaderButtonView.swift */,
			);
			path = HelpViews;
			sourceTree = "<group>";
		};
		AB728C2D261D0D670078E0B0 /* Resources */ = {
			isa = PBXGroup;
			children = (
				AB91D4FB262451BC00550D65 /* ExampleSolutions */,
				AB62057426233CC300C65EB7 /* Sounds */,
				AB728C32261D14C40078E0B0 /* HelpMessages */,
			);
			path = Resources;
			sourceTree = "<group>";
		};
		AB728C32261D14C40078E0B0 /* HelpMessages */ = {
			isa = PBXGroup;
			children = (
				AB26C498261DCABA007E6C85 /* assembly-code-editor-help.txt */,
				AB26C49E261DCB86007E6C85 /* declarations-editor-help.txt */,
				AB26C490261DC828007E6C85 /* accumulator-help.txt */,
				AB26C494261DCA8D007E6C85 /* output-help.txt */,
				AB26C4A2261DCBFD007E6C85 /* input-help.txt */,
				AB26C4A8261DCC4E007E6C85 /* extra-settings-help.txt */,
				AB26C4AC261DCC6C007E6C85 /* registers-help.txt */,
				AB08BCAC261F3FC100F26480 /* assembly-code-help.txt */,
				AB08BCBD261F468E00F26480 /* instruction-set-help.txt */,
				AB6BE4252624D6EF00405D3A /* challenges-help.txt */,
			);
			path = HelpMessages;
			sourceTree = "<group>";
		};
		AB91D4F026244F5700550D65 /* Challenges */ = {
			isa = PBXGroup;
			children = (
				AB91D4F126244F8C00550D65 /* challenge-container.swift */,
				AB91D4F72624502200550D65 /* the-assembly-challenges.swift */,
			);
			path = Challenges;
			sourceTree = "<group>";
		};
		AB91D4FB262451BC00550D65 /* ExampleSolutions */ = {
			isa = PBXGroup;
			children = (
				AB91D4FC262451DE00550D65 /* multiply-two-numbers-solution.txt */,
				AB91D5022624542D00550D65 /* divide-two-numbers-solution.txt */,
				AB6311DB2624ABFF0089E1C2 /* square-number-solution.txt */,
				AB6311DF2624C2D50089E1C2 /* multiples-solution.txt */,
				AB6311E52624C8550089E1C2 /* fibonacci-solution.txt */,
			);
			path = ExampleSolutions;
			sourceTree = "<group>";
		};
		AB91D5082624565800550D65 /* Challenges */ = {
			isa = PBXGroup;
			children = (
				AB91D5092624566600550D65 /* ChallengeViewRow.swift */,
				AB91D52126245DC800550D65 /* ChallengeListView.swift */,
			);
			path = Challenges;
			sourceTree = "<group>";
		};
		AB91D50D2624578E00550D65 /* Challenges */ = {
			isa = PBXGroup;
			children = (
				AB91D50E262457A200550D65 /* show-solution-button.swift */,
				AB91D5152624583300550D65 /* challenge-text-styles.swift */,
				AB91D5252624636D00550D65 /* show-challenges-button.swift */,
			);
			path = Challenges;
			sourceTree = "<group>";
		};
		ABA880912615C93A0001817C /* Preperation-For-Execution */ = {
			isa = PBXGroup;
			children = (
				ABA880922615C98D0001817C /* assembly-services.swift */,
				ABA8809A2615CA160001817C /* prepared-and-assembled-code.swift */,
			);
			path = "Preperation-For-Execution";
			sourceTree = "<group>";
		};
		ABBC7EDF2613B3A8003C6047 = {
			isa = PBXGroup;
			children = (
				ABBC7EEA2613B3A8003C6047 /* LittleSwiftComputer */,
				ABBC7F102613B4BD003C6047 /* LittleSwiftComputerTests */,
				ABBC7EE92613B3A8003C6047 /* Products */,
			);
			sourceTree = "<group>";
		};
		ABBC7EE92613B3A8003C6047 /* Products */ = {
			isa = PBXGroup;
			children = (
				ABBC7EE82613B3A8003C6047 /* LittleSwiftComputer.app */,
				ABBC7F0F2613B4BD003C6047 /* LittleSwiftComputerTests.xctest */,
			);
			name = Products;
			sourceTree = "<group>";
		};
		ABBC7EEA2613B3A8003C6047 /* LittleSwiftComputer */ = {
			isa = PBXGroup;
			children = (
				AB728C2D261D0D670078E0B0 /* Resources */,
				ABBC7EFC2613B3CC003C6047 /* Sources */,
				ABBC7EEF2613B3AA003C6047 /* Assets.xcassets */,
				ABBC7EF42613B3AA003C6047 /* Info.plist */,
				ABBC7EF52613B3AA003C6047 /* LittleSwiftComputer.entitlements */,
				ABBC7EF12613B3AA003C6047 /* Preview Content */,
			);
			path = LittleSwiftComputer;
			sourceTree = "<group>";
		};
		ABBC7EF12613B3AA003C6047 /* Preview Content */ = {
			isa = PBXGroup;
			children = (
				ABBC7EF22613B3AA003C6047 /* Preview Assets.xcassets */,
			);
			path = "Preview Content";
			sourceTree = "<group>";
		};
		ABBC7EFC2613B3CC003C6047 /* Sources */ = {
			isa = PBXGroup;
			children = (
				ABBC7EEB2613B3A8003C6047 /* LittleSwiftComputerApp.swift */,
				AB3FA9942619EF7E00EAC84A /* Views */,
				AB2356E82617E570000C59C7 /* Controllers */,
				ABBC7EFE2613B3E9003C6047 /* Assembling */,
				ABC5FBA22614A24F0095BB70 /* Execution */,
				AB2356F326186544000C59C7 /* UI-Styled-Components */,
				AB91D4F026244F5700550D65 /* Challenges */,
				ABBC7EFD2613B3D7003C6047 /* Utilities */,
			);
			path = Sources;
			sourceTree = "<group>";
		};
		ABBC7EFD2613B3D7003C6047 /* Utilities */ = {
			isa = PBXGroup;
			children = (
				AB08BC99261F25D100F26480 /* Help */,
				AB728C05261CE76E0078E0B0 /* Extensions */,
				AB728BF7261CD9AF0078E0B0 /* dynamic-button-label.swift */,
			);
			path = Utilities;
			sourceTree = "<group>";
		};
		ABBC7EFE2613B3E9003C6047 /* Assembling */ = {
			isa = PBXGroup;
			children = (
				ABC5FBC02614C40A0095BB70 /* CodeAssembly */,
				ABC5FBB72614C23B0095BB70 /* Declarations */,
				ABA880912615C93A0001817C /* Preperation-For-Execution */,
			);
			path = Assembling;
			sourceTree = "<group>";
		};
		ABBC7F102613B4BD003C6047 /* LittleSwiftComputerTests */ = {
			isa = PBXGroup;
			children = (
				ABBC7F112613B4BD003C6047 /* LittleSwiftComputerTests.swift */,
				ABBC7F132613B4BD003C6047 /* Info.plist */,
			);
			path = LittleSwiftComputerTests;
			sourceTree = "<group>";
		};
		ABBC7F262613B82E003C6047 /* Types */ = {
			isa = PBXGroup;
			children = (
				ABBC7F1C2613B810003C6047 /* branch-placeholder.swift */,
				ABBC7F222613B824003C6047 /* assembled-code.swift */,
				ABBC7EFF2613B400003C6047 /* assembled-instruction.swift */,
			);
			path = Types;
			sourceTree = "<group>";
		};
		ABC5FBA22614A24F0095BB70 /* Execution */ = {
			isa = PBXGroup;
			children = (
				AB9D50C42616034500AE7B6B /* register-data.swift */,
				AB27330C26161C50000FE5E3 /* execution-errors.swift */,
				AB2356EF2617E5EB000C59C7 /* execution.swift */,
				AB728BDB261CBF970078E0B0 /* execution-speeds.swift */,
			);
			path = Execution;
			sourceTree = "<group>";
		};
		ABC5FBB72614C23B0095BB70 /* Declarations */ = {
			isa = PBXGroup;
			children = (
				ABC5FBAD2614C19D0095BB70 /* errors-from-declarations.swift */,
				ABC5FBB22614C20A0095BB70 /* variable-declaration-parsing.swift */,
				ABC5FBBC2614C3E10095BB70 /* declared-variable.swift */,
			);
			path = Declarations;
			sourceTree = "<group>";
		};
		ABC5FBC02614C40A0095BB70 /* CodeAssembly */ = {
			isa = PBXGroup;
			children = (
				ABC5FBA92614A2ED0095BB70 /* errors-from-assembly.swift */,
				ABBC7F022613B41D003C6047 /* assembly-operators.swift */,
				ABBC7F082613B444003C6047 /* assembler.swift */,
				ABBC7F262613B82E003C6047 /* Types */,
			);
			path = CodeAssembly;
			sourceTree = "<group>";
		};
		ABC5FBCB2614EFF60095BB70 /* String-Extensions */ = {
			isa = PBXGroup;
			children = (
				ABC5FBC32614C5170095BB70 /* string-to-enumerated-lines.swift */,
				ABC5FBC72614EFBA0095BB70 /* string-split-into-components-remove-empties.swift */,
				AB6311ED2624CE670089E1C2 /* scramble-text.swift */,
			);
			path = "String-Extensions";
			sourceTree = "<group>";
		};
/* End PBXGroup section */

/* Begin PBXNativeTarget section */
		ABBC7EE72613B3A8003C6047 /* LittleSwiftComputer */ = {
			isa = PBXNativeTarget;
			buildConfigurationList = ABBC7EF82613B3AA003C6047 /* Build configuration list for PBXNativeTarget "LittleSwiftComputer" */;
			buildPhases = (
				ABBC7EE42613B3A8003C6047 /* Sources */,
				ABBC7EE52613B3A8003C6047 /* Frameworks */,
				ABBC7EE62613B3A8003C6047 /* Resources */,
			);
			buildRules = (
			);
			dependencies = (
			);
			name = LittleSwiftComputer;
			productName = LittleSwiftComputer;
			productReference = ABBC7EE82613B3A8003C6047 /* LittleSwiftComputer.app */;
			productType = "com.apple.product-type.application";
		};
		ABBC7F0E2613B4BD003C6047 /* LittleSwiftComputerTests */ = {
			isa = PBXNativeTarget;
			buildConfigurationList = ABBC7F162613B4BD003C6047 /* Build configuration list for PBXNativeTarget "LittleSwiftComputerTests" */;
			buildPhases = (
				ABBC7F0B2613B4BD003C6047 /* Sources */,
				ABBC7F0C2613B4BD003C6047 /* Frameworks */,
				ABBC7F0D2613B4BD003C6047 /* Resources */,
			);
			buildRules = (
			);
			dependencies = (
				ABBC7F152613B4BD003C6047 /* PBXTargetDependency */,
			);
			name = LittleSwiftComputerTests;
			productName = LittleSwiftComputerTests;
			productReference = ABBC7F0F2613B4BD003C6047 /* LittleSwiftComputerTests.xctest */;
			productType = "com.apple.product-type.bundle.unit-test";
		};
/* End PBXNativeTarget section */

/* Begin PBXProject section */
		ABBC7EE02613B3A8003C6047 /* Project object */ = {
			isa = PBXProject;
			attributes = {
				LastSwiftUpdateCheck = 1240;
				LastUpgradeCheck = 1240;
				TargetAttributes = {
					ABBC7EE72613B3A8003C6047 = {
						CreatedOnToolsVersion = 12.4;
					};
					ABBC7F0E2613B4BD003C6047 = {
						CreatedOnToolsVersion = 12.4;
						TestTargetID = ABBC7EE72613B3A8003C6047;
					};
				};
			};
			buildConfigurationList = ABBC7EE32613B3A8003C6047 /* Build configuration list for PBXProject "LittleSwiftComputer" */;
			compatibilityVersion = "Xcode 9.3";
			developmentRegion = en;
			hasScannedForEncodings = 0;
			knownRegions = (
				en,
				Base,
			);
			mainGroup = ABBC7EDF2613B3A8003C6047;
			productRefGroup = ABBC7EE92613B3A8003C6047 /* Products */;
			projectDirPath = "";
			projectRoot = "";
			targets = (
				ABBC7EE72613B3A8003C6047 /* LittleSwiftComputer */,
				ABBC7F0E2613B4BD003C6047 /* LittleSwiftComputerTests */,
			);
		};
/* End PBXProject section */

/* Begin PBXResourcesBuildPhase section */
		ABBC7EE62613B3A8003C6047 /* Resources */ = {
			isa = PBXResourcesBuildPhase;
			buildActionMask = 2147483647;
			files = (
				AB62057626233CD400C65EB7 /* declaration-error-sound.mp3 in Resources */,
				AB6311E02624C2D50089E1C2 /* multiples-solution.txt in Resources */,
				AB26C495261DCA8D007E6C85 /* output-help.txt in Resources */,
				AB26C499261DCABA007E6C85 /* assembly-code-editor-help.txt in Resources */,
				AB62058626233CF900C65EB7 /* assembly-error-sound.mp3 in Resources */,
				ABBC7EF32613B3AA003C6047 /* Preview Assets.xcassets in Resources */,
				AB26C49F261DCB86007E6C85 /* declarations-editor-help.txt in Resources */,
				AB6311DC2624ABFF0089E1C2 /* square-number-solution.txt in Resources */,
				AB26C4A3261DCBFD007E6C85 /* input-help.txt in Resources */,
				AB5C843D262382F100A58FC2 /* open-help-sound.mp3 in Resources */,
				AB26C4A9261DCC4E007E6C85 /* extra-settings-help.txt in Resources */,
				AB08BCBE261F468E00F26480 /* instruction-set-help.txt in Resources */,
				ABBC7EF02613B3AA003C6047 /* Assets.xcassets in Resources */,
				AB6205A126235ED900C65EB7 /* input-required-sound.mp3 in Resources */,
				AB5F7C8626261FBE006CE1EF /* stop-execution-sound.mp3 in Resources */,
				AB62058226233CF200C65EB7 /* no-code-error-sound.mp3 in Resources */,
				AB26C491261DC828007E6C85 /* accumulator-help.txt in Resources */,
				AB91D5032624542D00550D65 /* divide-two-numbers-solution.txt in Resources */,
				AB91D4FD262451DE00550D65 /* multiply-two-numbers-solution.txt in Resources */,
				AB26C4AD261DCC6C007E6C85 /* registers-help.txt in Resources */,
				AB62057A26233CE400C65EB7 /* run-time-error-sound.mp3 in Resources */,
				AB5C8441262382FC00A58FC2 /* close-help-sound.mp3 in Resources */,
				AB6BE4262624D6EF00405D3A /* challenges-help.txt in Resources */,
				AB6311E62624C8550089E1C2 /* fibonacci-solution.txt in Resources */,
				AB5F7C8426261FBE006CE1EF /* start-execution-sound.mp3 in Resources */,
				AB5F7C8A2626223F006CE1EF /* pause-execution-sound.mp3 in Resources */,
				AB08BCAD261F3FC100F26480 /* assembly-code-help.txt in Resources */,
				AB5F7C8526261FBE006CE1EF /* resume-execution-sound.mp3 in Resources */,
			);
			runOnlyForDeploymentPostprocessing = 0;
		};
		ABBC7F0D2613B4BD003C6047 /* Resources */ = {
			isa = PBXResourcesBuildPhase;
			buildActionMask = 2147483647;
			files = (
			);
			runOnlyForDeploymentPostprocessing = 0;
		};
/* End PBXResourcesBuildPhase section */

/* Begin PBXSourcesBuildPhase section */
		ABBC7EE42613B3A8003C6047 /* Sources */ = {
			isa = PBXSourcesBuildPhase;
			buildActionMask = 2147483647;
			files = (
				AB91D52226245DC800550D65 /* ChallengeListView.swift in Sources */,
				ABC5FBA62614A2710095BB70 /* execution-controller.swift in Sources */,
				ABBC7EEE2613B3A8003C6047 /* LittleSwiftComputerView.swift in Sources */,
				AB26C48B261DBCDC007E6C85 /* dynamic-button-labels-controller.swift in Sources */,
				ABC5FBBD2614C3E10095BB70 /* declared-variable.swift in Sources */,
				AB91D50F262457A200550D65 /* show-solution-button.swift in Sources */,
				AB08BC9F261F2EFC00F26480 /* change-help-button-style.swift in Sources */,
				AB6311EE2624CE670089E1C2 /* scramble-text.swift in Sources */,
				AB728C26261CF5320078E0B0 /* HelpAlertView.swift in Sources */,
				ABA880932615C98D0001817C /* assembly-services.swift in Sources */,
				AB728C02261CDAE90078E0B0 /* DynamicButtonView.swift in Sources */,
				ABBC7F062613B435003C6047 /* safe-array-access.swift in Sources */,
				ABBC7F002613B401003C6047 /* assembled-instruction.swift in Sources */,
				ABA8809B2615CA160001817C /* prepared-and-assembled-code.swift in Sources */,
				AB1B902A261BA6A80092CA63 /* ErrorView.swift in Sources */,
				AB27330D26161C50000FE5E3 /* execution-errors.swift in Sources */,
				AB08BC90261F243800F26480 /* ChangeHelpSelectionButton.swift in Sources */,
				AB728C1C261CEE720078E0B0 /* help-messages.swift in Sources */,
				AB1B9020261B96CB0092CA63 /* RegisterView.swift in Sources */,
				AB3FA99C261A305200EAC84A /* InputBoxView.swift in Sources */,
				AB728BE4261CD2A60078E0B0 /* options-headers.swift in Sources */,
				AB1B9016261B91E80092CA63 /* AccumulatorView.swift in Sources */,
				AB08BCBA261F44E300F26480 /* ShowHelpHeaderButtonView.swift in Sources */,
				AB26C4B3261E1BE4007E6C85 /* HighlightedLeftAlignedHelpTextView.swift in Sources */,
				ABBC7F232613B824003C6047 /* assembled-code.swift in Sources */,
				AB2356F02617E5EB000C59C7 /* execution.swift in Sources */,
				AB08BCB3261F414D00F26480 /* show-help-styles.swift in Sources */,
				ABBC7EEC2613B3A8003C6047 /* LittleSwiftComputerApp.swift in Sources */,
				AB91D5162624583300550D65 /* challenge-text-styles.swift in Sources */,
				AB728BF8261CD9AF0078E0B0 /* dynamic-button-label.swift in Sources */,
				AB361A6A261A4ACD002372CE /* GridOfRegistersView.swift in Sources */,
				ABC5FBAA2614A2ED0095BB70 /* errors-from-assembly.swift in Sources */,
				AB9D50C52616034500AE7B6B /* register-data.swift in Sources */,
				AB728C08261CE8B00078E0B0 /* ShowHelpButtonView.swift in Sources */,
				ABC5FBC42614C5170095BB70 /* string-to-enumerated-lines.swift in Sources */,
				AB08BC96261F25C900F26480 /* ChangeHelpButtonProperties.swift in Sources */,
				ABC5FBC82614EFBA0095BB70 /* string-split-into-components-remove-empties.swift in Sources */,
				AB91D51E26245D0D00550D65 /* challenge-controller.swift in Sources */,
				AB08BCA7261F322000F26480 /* pointer-shown-on-hover.swift in Sources */,
				ABA880A32615CF730001817C /* assembly-controller.swift in Sources */,
				AB1B9024261BA0880092CA63 /* text-editor-for-code-style.swift in Sources */,
				AB728BDC261CBF970078E0B0 /* execution-speeds.swift in Sources */,
				ABBC7F1D2613B810003C6047 /* branch-placeholder.swift in Sources */,
				AB728BE8261CD4000078E0B0 /* ExtraSettingsView.swift in Sources */,
				AB91D4F226244F8C00550D65 /* challenge-container.swift in Sources */,
				AB728C18261CEE0B0078E0B0 /* help-controller.swift in Sources */,
				AB728BF4261CD7C10078E0B0 /* input-submit-style.swift in Sources */,
				ABBC7F092613B444003C6047 /* assembler.swift in Sources */,
				AB2356F9261866B5000C59C7 /* convert-rgb-value.swift in Sources */,
				AB91D5262624636D00550D65 /* show-challenges-button.swift in Sources */,
				AB728BE0261CCC560078E0B0 /* execution-options-controller.swift in Sources */,
				ABC5FBAE2614C19D0095BB70 /* errors-from-declarations.swift in Sources */,
				AB2356F52618656D000C59C7 /* run-cancel-pause-button-style.swift in Sources */,
				AB91D50A2624566600550D65 /* ChallengeViewRow.swift in Sources */,
				ABBC7F032613B41D003C6047 /* assembly-operators.swift in Sources */,
				AB26C4C1261E64AB007E6C85 /* register-grid-item-styles.swift in Sources */,
				AB728C0F261CEB960078E0B0 /* HeaderWithHelpView.swift in Sources */,
				AB62058F262341E900C65EB7 /* sound-effect-controller.swift in Sources */,
				ABC5FBB32614C20A0095BB70 /* variable-declaration-parsing.swift in Sources */,
				AB91D4F82624502200550D65 /* the-assembly-challenges.swift in Sources */,
				AB3FA9962619EF9A00EAC84A /* OutputView.swift in Sources */,
				AB1B901A261B92900092CA63 /* meta-data-for-components.swift in Sources */,
			);
			runOnlyForDeploymentPostprocessing = 0;
		};
		ABBC7F0B2613B4BD003C6047 /* Sources */ = {
			isa = PBXSourcesBuildPhase;
			buildActionMask = 2147483647;
			files = (
				ABBC7F122613B4BD003C6047 /* LittleSwiftComputerTests.swift in Sources */,
			);
			runOnlyForDeploymentPostprocessing = 0;
		};
/* End PBXSourcesBuildPhase section */

/* Begin PBXTargetDependency section */
		ABBC7F152613B4BD003C6047 /* PBXTargetDependency */ = {
			isa = PBXTargetDependency;
			target = ABBC7EE72613B3A8003C6047 /* LittleSwiftComputer */;
			targetProxy = ABBC7F142613B4BD003C6047 /* PBXContainerItemProxy */;
		};
/* End PBXTargetDependency section */

/* Begin XCBuildConfiguration section */
		ABBC7EF62613B3AA003C6047 /* Debug */ = {
			isa = XCBuildConfiguration;
			buildSettings = {
				ALWAYS_SEARCH_USER_PATHS = NO;
				CLANG_ANALYZER_NONNULL = YES;
				CLANG_ANALYZER_NUMBER_OBJECT_CONVERSION = YES_AGGRESSIVE;
				CLANG_CXX_LANGUAGE_STANDARD = "gnu++14";
				CLANG_CXX_LIBRARY = "libc++";
				CLANG_ENABLE_MODULES = YES;
				CLANG_ENABLE_OBJC_ARC = YES;
				CLANG_ENABLE_OBJC_WEAK = YES;
				CLANG_WARN_BLOCK_CAPTURE_AUTORELEASING = YES;
				CLANG_WARN_BOOL_CONVERSION = YES;
				CLANG_WARN_COMMA = YES;
				CLANG_WARN_CONSTANT_CONVERSION = YES;
				CLANG_WARN_DEPRECATED_OBJC_IMPLEMENTATIONS = YES;
				CLANG_WARN_DIRECT_OBJC_ISA_USAGE = YES_ERROR;
				CLANG_WARN_DOCUMENTATION_COMMENTS = YES;
				CLANG_WARN_EMPTY_BODY = YES;
				CLANG_WARN_ENUM_CONVERSION = YES;
				CLANG_WARN_INFINITE_RECURSION = YES;
				CLANG_WARN_INT_CONVERSION = YES;
				CLANG_WARN_NON_LITERAL_NULL_CONVERSION = YES;
				CLANG_WARN_OBJC_IMPLICIT_RETAIN_SELF = YES;
				CLANG_WARN_OBJC_LITERAL_CONVERSION = YES;
				CLANG_WARN_OBJC_ROOT_CLASS = YES_ERROR;
				CLANG_WARN_QUOTED_INCLUDE_IN_FRAMEWORK_HEADER = YES;
				CLANG_WARN_RANGE_LOOP_ANALYSIS = YES;
				CLANG_WARN_STRICT_PROTOTYPES = YES;
				CLANG_WARN_SUSPICIOUS_MOVE = YES;
				CLANG_WARN_UNGUARDED_AVAILABILITY = YES_AGGRESSIVE;
				CLANG_WARN_UNREACHABLE_CODE = YES;
				CLANG_WARN__DUPLICATE_METHOD_MATCH = YES;
				COPY_PHASE_STRIP = NO;
				DEBUG_INFORMATION_FORMAT = dwarf;
				ENABLE_STRICT_OBJC_MSGSEND = YES;
				ENABLE_TESTABILITY = YES;
				GCC_C_LANGUAGE_STANDARD = gnu11;
				GCC_DYNAMIC_NO_PIC = NO;
				GCC_NO_COMMON_BLOCKS = YES;
				GCC_OPTIMIZATION_LEVEL = 0;
				GCC_PREPROCESSOR_DEFINITIONS = (
					"DEBUG=1",
					"$(inherited)",
				);
				GCC_WARN_64_TO_32_BIT_CONVERSION = YES;
				GCC_WARN_ABOUT_RETURN_TYPE = YES_ERROR;
				GCC_WARN_UNDECLARED_SELECTOR = YES;
				GCC_WARN_UNINITIALIZED_AUTOS = YES_AGGRESSIVE;
				GCC_WARN_UNUSED_FUNCTION = YES;
				GCC_WARN_UNUSED_VARIABLE = YES;
				MACOSX_DEPLOYMENT_TARGET = 11.1;
				MTL_ENABLE_DEBUG_INFO = INCLUDE_SOURCE;
				MTL_FAST_MATH = YES;
				ONLY_ACTIVE_ARCH = YES;
				SDKROOT = macosx;
				SWIFT_ACTIVE_COMPILATION_CONDITIONS = DEBUG;
				SWIFT_OPTIMIZATION_LEVEL = "-Onone";
			};
			name = Debug;
		};
		ABBC7EF72613B3AA003C6047 /* Release */ = {
			isa = XCBuildConfiguration;
			buildSettings = {
				ALWAYS_SEARCH_USER_PATHS = NO;
				CLANG_ANALYZER_NONNULL = YES;
				CLANG_ANALYZER_NUMBER_OBJECT_CONVERSION = YES_AGGRESSIVE;
				CLANG_CXX_LANGUAGE_STANDARD = "gnu++14";
				CLANG_CXX_LIBRARY = "libc++";
				CLANG_ENABLE_MODULES = YES;
				CLANG_ENABLE_OBJC_ARC = YES;
				CLANG_ENABLE_OBJC_WEAK = YES;
				CLANG_WARN_BLOCK_CAPTURE_AUTORELEASING = YES;
				CLANG_WARN_BOOL_CONVERSION = YES;
				CLANG_WARN_COMMA = YES;
				CLANG_WARN_CONSTANT_CONVERSION = YES;
				CLANG_WARN_DEPRECATED_OBJC_IMPLEMENTATIONS = YES;
				CLANG_WARN_DIRECT_OBJC_ISA_USAGE = YES_ERROR;
				CLANG_WARN_DOCUMENTATION_COMMENTS = YES;
				CLANG_WARN_EMPTY_BODY = YES;
				CLANG_WARN_ENUM_CONVERSION = YES;
				CLANG_WARN_INFINITE_RECURSION = YES;
				CLANG_WARN_INT_CONVERSION = YES;
				CLANG_WARN_NON_LITERAL_NULL_CONVERSION = YES;
				CLANG_WARN_OBJC_IMPLICIT_RETAIN_SELF = YES;
				CLANG_WARN_OBJC_LITERAL_CONVERSION = YES;
				CLANG_WARN_OBJC_ROOT_CLASS = YES_ERROR;
				CLANG_WARN_QUOTED_INCLUDE_IN_FRAMEWORK_HEADER = YES;
				CLANG_WARN_RANGE_LOOP_ANALYSIS = YES;
				CLANG_WARN_STRICT_PROTOTYPES = YES;
				CLANG_WARN_SUSPICIOUS_MOVE = YES;
				CLANG_WARN_UNGUARDED_AVAILABILITY = YES_AGGRESSIVE;
				CLANG_WARN_UNREACHABLE_CODE = YES;
				CLANG_WARN__DUPLICATE_METHOD_MATCH = YES;
				COPY_PHASE_STRIP = NO;
				DEBUG_INFORMATION_FORMAT = "dwarf-with-dsym";
				ENABLE_NS_ASSERTIONS = NO;
				ENABLE_STRICT_OBJC_MSGSEND = YES;
				GCC_C_LANGUAGE_STANDARD = gnu11;
				GCC_NO_COMMON_BLOCKS = YES;
				GCC_WARN_64_TO_32_BIT_CONVERSION = YES;
				GCC_WARN_ABOUT_RETURN_TYPE = YES_ERROR;
				GCC_WARN_UNDECLARED_SELECTOR = YES;
				GCC_WARN_UNINITIALIZED_AUTOS = YES_AGGRESSIVE;
				GCC_WARN_UNUSED_FUNCTION = YES;
				GCC_WARN_UNUSED_VARIABLE = YES;
				MACOSX_DEPLOYMENT_TARGET = 11.1;
				MTL_ENABLE_DEBUG_INFO = NO;
				MTL_FAST_MATH = YES;
				SDKROOT = macosx;
				SWIFT_COMPILATION_MODE = wholemodule;
				SWIFT_OPTIMIZATION_LEVEL = "-O";
			};
			name = Release;
		};
		ABBC7EF92613B3AA003C6047 /* Debug */ = {
			isa = XCBuildConfiguration;
			buildSettings = {
				ASSETCATALOG_COMPILER_APPICON_NAME = AppIcon;
				ASSETCATALOG_COMPILER_GLOBAL_ACCENT_COLOR_NAME = AccentColor;
				CODE_SIGN_ENTITLEMENTS = LittleSwiftComputer/LittleSwiftComputer.entitlements;
				CODE_SIGN_STYLE = Automatic;
				COMBINE_HIDPI_IMAGES = YES;
				DEVELOPMENT_ASSET_PATHS = "\"LittleSwiftComputer/Preview Content\"";
				DEVELOPMENT_TEAM = NBY2AG34M4;
				ENABLE_HARDENED_RUNTIME = YES;
				ENABLE_PREVIEWS = YES;
				INFOPLIST_FILE = LittleSwiftComputer/Info.plist;
				LD_RUNPATH_SEARCH_PATHS = (
					"$(inherited)",
					"@executable_path/../Frameworks",
				);
				MACOSX_DEPLOYMENT_TARGET = 11.0;
				PRODUCT_BUNDLE_IDENTIFIER = cjw.LittleSwiftComputer;
				PRODUCT_NAME = "$(TARGET_NAME)";
				SWIFT_VERSION = 5.0;
			};
			name = Debug;
		};
		ABBC7EFA2613B3AA003C6047 /* Release */ = {
			isa = XCBuildConfiguration;
			buildSettings = {
				ASSETCATALOG_COMPILER_APPICON_NAME = AppIcon;
				ASSETCATALOG_COMPILER_GLOBAL_ACCENT_COLOR_NAME = AccentColor;
				CODE_SIGN_ENTITLEMENTS = LittleSwiftComputer/LittleSwiftComputer.entitlements;
				CODE_SIGN_STYLE = Automatic;
				COMBINE_HIDPI_IMAGES = YES;
				DEVELOPMENT_ASSET_PATHS = "\"LittleSwiftComputer/Preview Content\"";
				DEVELOPMENT_TEAM = NBY2AG34M4;
				ENABLE_HARDENED_RUNTIME = YES;
				ENABLE_PREVIEWS = YES;
				INFOPLIST_FILE = LittleSwiftComputer/Info.plist;
				LD_RUNPATH_SEARCH_PATHS = (
					"$(inherited)",
					"@executable_path/../Frameworks",
				);
				MACOSX_DEPLOYMENT_TARGET = 11.0;
				PRODUCT_BUNDLE_IDENTIFIER = cjw.LittleSwiftComputer;
				PRODUCT_NAME = "$(TARGET_NAME)";
				SWIFT_VERSION = 5.0;
			};
			name = Release;
		};
		ABBC7F172613B4BD003C6047 /* Debug */ = {
			isa = XCBuildConfiguration;
			buildSettings = {
				BUNDLE_LOADER = "$(TEST_HOST)";
				CODE_SIGN_STYLE = Automatic;
				COMBINE_HIDPI_IMAGES = YES;
				DEVELOPMENT_TEAM = NBY2AG34M4;
				INFOPLIST_FILE = LittleSwiftComputerTests/Info.plist;
				LD_RUNPATH_SEARCH_PATHS = (
					"$(inherited)",
					"@executable_path/../Frameworks",
					"@loader_path/../Frameworks",
				);
				PRODUCT_BUNDLE_IDENTIFIER = cjw.LittleSwiftComputerTests;
				PRODUCT_NAME = "$(TARGET_NAME)";
				SWIFT_VERSION = 5.0;
				TEST_HOST = "$(BUILT_PRODUCTS_DIR)/LittleSwiftComputer.app/Contents/MacOS/LittleSwiftComputer";
			};
			name = Debug;
		};
		ABBC7F182613B4BD003C6047 /* Release */ = {
			isa = XCBuildConfiguration;
			buildSettings = {
				BUNDLE_LOADER = "$(TEST_HOST)";
				CODE_SIGN_STYLE = Automatic;
				COMBINE_HIDPI_IMAGES = YES;
				DEVELOPMENT_TEAM = NBY2AG34M4;
				INFOPLIST_FILE = LittleSwiftComputerTests/Info.plist;
				LD_RUNPATH_SEARCH_PATHS = (
					"$(inherited)",
					"@executable_path/../Frameworks",
					"@loader_path/../Frameworks",
				);
				PRODUCT_BUNDLE_IDENTIFIER = cjw.LittleSwiftComputerTests;
				PRODUCT_NAME = "$(TARGET_NAME)";
				SWIFT_VERSION = 5.0;
				TEST_HOST = "$(BUILT_PRODUCTS_DIR)/LittleSwiftComputer.app/Contents/MacOS/LittleSwiftComputer";
			};
			name = Release;
		};
/* End XCBuildConfiguration section */

/* Begin XCConfigurationList section */
		ABBC7EE32613B3A8003C6047 /* Build configuration list for PBXProject "LittleSwiftComputer" */ = {
			isa = XCConfigurationList;
			buildConfigurations = (
				ABBC7EF62613B3AA003C6047 /* Debug */,
				ABBC7EF72613B3AA003C6047 /* Release */,
			);
			defaultConfigurationIsVisible = 0;
			defaultConfigurationName = Release;
		};
		ABBC7EF82613B3AA003C6047 /* Build configuration list for PBXNativeTarget "LittleSwiftComputer" */ = {
			isa = XCConfigurationList;
			buildConfigurations = (
				ABBC7EF92613B3AA003C6047 /* Debug */,
				ABBC7EFA2613B3AA003C6047 /* Release */,
			);
			defaultConfigurationIsVisible = 0;
			defaultConfigurationName = Release;
		};
		ABBC7F162613B4BD003C6047 /* Build configuration list for PBXNativeTarget "LittleSwiftComputerTests" */ = {
			isa = XCConfigurationList;
			buildConfigurations = (
				ABBC7F172613B4BD003C6047 /* Debug */,
				ABBC7F182613B4BD003C6047 /* Release */,
			);
			defaultConfigurationIsVisible = 0;
			defaultConfigurationName = Release;
		};
/* End XCConfigurationList section */
	};
	rootObject = ABBC7EE02613B3A8003C6047 /* Project object */;
}
