// !$*UTF8*$!
{
	archiveVersion = 1;
	classes = {
	};
	objectVersion = 50;
	objects = {

/* Begin PBXBuildFile section */
		AB2356F02617E5EB000C59C7 /* execution.swift in Sources */ = {isa = PBXBuildFile; fileRef = AB2356EF2617E5EB000C59C7 /* execution.swift */; };
		AB27330D26161C50000FE5E3 /* execution-errors.swift in Sources */ = {isa = PBXBuildFile; fileRef = AB27330C26161C50000FE5E3 /* execution-errors.swift */; };
		AB9D50C52616034500AE7B6B /* register-data.swift in Sources */ = {isa = PBXBuildFile; fileRef = AB9D50C42616034500AE7B6B /* register-data.swift */; };
		ABA880932615C98D0001817C /* assembly-services.swift in Sources */ = {isa = PBXBuildFile; fileRef = ABA880922615C98D0001817C /* assembly-services.swift */; };
		ABA8809B2615CA160001817C /* prepared-and-assembled-code.swift in Sources */ = {isa = PBXBuildFile; fileRef = ABA8809A2615CA160001817C /* prepared-and-assembled-code.swift */; };
		ABA880A32615CF730001817C /* assembly-controller.swift in Sources */ = {isa = PBXBuildFile; fileRef = ABA880A22615CF730001817C /* assembly-controller.swift */; };
		ABBC7EEC2613B3A8003C6047 /* LittleSwiftComputerApp.swift in Sources */ = {isa = PBXBuildFile; fileRef = ABBC7EEB2613B3A8003C6047 /* LittleSwiftComputerApp.swift */; };
		ABBC7EEE2613B3A8003C6047 /* LittleSwiftComputerView.swift in Sources */ = {isa = PBXBuildFile; fileRef = ABBC7EED2613B3A8003C6047 /* LittleSwiftComputerView.swift */; };
		ABBC7EF02613B3AA003C6047 /* Assets.xcassets in Resources */ = {isa = PBXBuildFile; fileRef = ABBC7EEF2613B3AA003C6047 /* Assets.xcassets */; };
		ABBC7EF32613B3AA003C6047 /* Preview Assets.xcassets in Resources */ = {isa = PBXBuildFile; fileRef = ABBC7EF22613B3AA003C6047 /* Preview Assets.xcassets */; };
		ABBC7F002613B401003C6047 /* assembled-instruction.swift in Sources */ = {isa = PBXBuildFile; fileRef = ABBC7EFF2613B400003C6047 /* assembled-instruction.swift */; };
		ABBC7F032613B41D003C6047 /* assembly-operators.swift in Sources */ = {isa = PBXBuildFile; fileRef = ABBC7F022613B41D003C6047 /* assembly-operators.swift */; };
		ABBC7F062613B435003C6047 /* safe-array-access.swift in Sources */ = {isa = PBXBuildFile; fileRef = ABBC7F052613B435003C6047 /* safe-array-access.swift */; };
		ABBC7F092613B444003C6047 /* assembler.swift in Sources */ = {isa = PBXBuildFile; fileRef = ABBC7F082613B444003C6047 /* assembler.swift */; };
		ABBC7F122613B4BD003C6047 /* LittleSwiftComputerTests.swift in Sources */ = {isa = PBXBuildFile; fileRef = ABBC7F112613B4BD003C6047 /* LittleSwiftComputerTests.swift */; };
		ABBC7F1D2613B810003C6047 /* branch-placeholder.swift in Sources */ = {isa = PBXBuildFile; fileRef = ABBC7F1C2613B810003C6047 /* branch-placeholder.swift */; };
		ABBC7F232613B824003C6047 /* assembled-code.swift in Sources */ = {isa = PBXBuildFile; fileRef = ABBC7F222613B824003C6047 /* assembled-code.swift */; };
		ABC5FBA62614A2710095BB70 /* execution-controller.swift in Sources */ = {isa = PBXBuildFile; fileRef = ABC5FBA52614A2710095BB70 /* execution-controller.swift */; };
		ABC5FBAA2614A2ED0095BB70 /* errors-from-assembly.swift in Sources */ = {isa = PBXBuildFile; fileRef = ABC5FBA92614A2ED0095BB70 /* errors-from-assembly.swift */; };
		ABC5FBAE2614C19D0095BB70 /* errors-from-declarations.swift in Sources */ = {isa = PBXBuildFile; fileRef = ABC5FBAD2614C19D0095BB70 /* errors-from-declarations.swift */; };
		ABC5FBB32614C20A0095BB70 /* variable-declaration-parsing.swift in Sources */ = {isa = PBXBuildFile; fileRef = ABC5FBB22614C20A0095BB70 /* variable-declaration-parsing.swift */; };
		ABC5FBBD2614C3E10095BB70 /* declared-variable.swift in Sources */ = {isa = PBXBuildFile; fileRef = ABC5FBBC2614C3E10095BB70 /* declared-variable.swift */; };
		ABC5FBC42614C5170095BB70 /* string-to-enumerated-lines.swift in Sources */ = {isa = PBXBuildFile; fileRef = ABC5FBC32614C5170095BB70 /* string-to-enumerated-lines.swift */; };
		ABC5FBC82614EFBA0095BB70 /* string-split-into-components-remove-empties.swift in Sources */ = {isa = PBXBuildFile; fileRef = ABC5FBC72614EFBA0095BB70 /* string-split-into-components-remove-empties.swift */; };
/* End PBXBuildFile section */

/* Begin PBXContainerItemProxy section */
		ABBC7F142613B4BD003C6047 /* PBXContainerItemProxy */ = {
			isa = PBXContainerItemProxy;
			containerPortal = ABBC7EE02613B3A8003C6047 /* Project object */;
			proxyType = 1;
			remoteGlobalIDString = ABBC7EE72613B3A8003C6047;
			remoteInfo = LittleSwiftComputer;
		};
/* End PBXContainerItemProxy section */

/* Begin PBXFileReference section */
		AB2356EF2617E5EB000C59C7 /* execution.swift */ = {isa = PBXFileReference; lastKnownFileType = sourcecode.swift; path = execution.swift; sourceTree = "<group>"; };
		AB27330C26161C50000FE5E3 /* execution-errors.swift */ = {isa = PBXFileReference; lastKnownFileType = sourcecode.swift; path = "execution-errors.swift"; sourceTree = "<group>"; };
		AB9D50C42616034500AE7B6B /* register-data.swift */ = {isa = PBXFileReference; lastKnownFileType = sourcecode.swift; path = "register-data.swift"; sourceTree = "<group>"; };
		ABA880922615C98D0001817C /* assembly-services.swift */ = {isa = PBXFileReference; lastKnownFileType = sourcecode.swift; path = "assembly-services.swift"; sourceTree = "<group>"; };
		ABA8809A2615CA160001817C /* prepared-and-assembled-code.swift */ = {isa = PBXFileReference; lastKnownFileType = sourcecode.swift; path = "prepared-and-assembled-code.swift"; sourceTree = "<group>"; };
		ABA880A22615CF730001817C /* assembly-controller.swift */ = {isa = PBXFileReference; lastKnownFileType = sourcecode.swift; path = "assembly-controller.swift"; sourceTree = "<group>"; };
		ABBC7EE82613B3A8003C6047 /* LittleSwiftComputer.app */ = {isa = PBXFileReference; explicitFileType = wrapper.application; includeInIndex = 0; path = LittleSwiftComputer.app; sourceTree = BUILT_PRODUCTS_DIR; };
		ABBC7EEB2613B3A8003C6047 /* LittleSwiftComputerApp.swift */ = {isa = PBXFileReference; lastKnownFileType = sourcecode.swift; path = LittleSwiftComputerApp.swift; sourceTree = "<group>"; };
		ABBC7EED2613B3A8003C6047 /* LittleSwiftComputerView.swift */ = {isa = PBXFileReference; lastKnownFileType = sourcecode.swift; path = LittleSwiftComputerView.swift; sourceTree = "<group>"; };
		ABBC7EEF2613B3AA003C6047 /* Assets.xcassets */ = {isa = PBXFileReference; lastKnownFileType = folder.assetcatalog; path = Assets.xcassets; sourceTree = "<group>"; };
		ABBC7EF22613B3AA003C6047 /* Preview Assets.xcassets */ = {isa = PBXFileReference; lastKnownFileType = folder.assetcatalog; path = "Preview Assets.xcassets"; sourceTree = "<group>"; };
		ABBC7EF42613B3AA003C6047 /* Info.plist */ = {isa = PBXFileReference; lastKnownFileType = text.plist.xml; path = Info.plist; sourceTree = "<group>"; };
		ABBC7EF52613B3AA003C6047 /* LittleSwiftComputer.entitlements */ = {isa = PBXFileReference; lastKnownFileType = text.plist.entitlements; path = LittleSwiftComputer.entitlements; sourceTree = "<group>"; };
		ABBC7EFF2613B400003C6047 /* assembled-instruction.swift */ = {isa = PBXFileReference; lastKnownFileType = sourcecode.swift; path = "assembled-instruction.swift"; sourceTree = "<group>"; };
		ABBC7F022613B41D003C6047 /* assembly-operators.swift */ = {isa = PBXFileReference; lastKnownFileType = sourcecode.swift; path = "assembly-operators.swift"; sourceTree = "<group>"; };
		ABBC7F052613B435003C6047 /* safe-array-access.swift */ = {isa = PBXFileReference; lastKnownFileType = sourcecode.swift; path = "safe-array-access.swift"; sourceTree = "<group>"; };
		ABBC7F082613B444003C6047 /* assembler.swift */ = {isa = PBXFileReference; lastKnownFileType = sourcecode.swift; path = assembler.swift; sourceTree = "<group>"; };
		ABBC7F0F2613B4BD003C6047 /* LittleSwiftComputerTests.xctest */ = {isa = PBXFileReference; explicitFileType = wrapper.cfbundle; includeInIndex = 0; path = LittleSwiftComputerTests.xctest; sourceTree = BUILT_PRODUCTS_DIR; };
		ABBC7F112613B4BD003C6047 /* LittleSwiftComputerTests.swift */ = {isa = PBXFileReference; lastKnownFileType = sourcecode.swift; path = LittleSwiftComputerTests.swift; sourceTree = "<group>"; };
		ABBC7F132613B4BD003C6047 /* Info.plist */ = {isa = PBXFileReference; lastKnownFileType = text.plist.xml; path = Info.plist; sourceTree = "<group>"; };
		ABBC7F1C2613B810003C6047 /* branch-placeholder.swift */ = {isa = PBXFileReference; lastKnownFileType = sourcecode.swift; path = "branch-placeholder.swift"; sourceTree = "<group>"; };
		ABBC7F222613B824003C6047 /* assembled-code.swift */ = {isa = PBXFileReference; lastKnownFileType = sourcecode.swift; path = "assembled-code.swift"; sourceTree = "<group>"; };
		ABC5FBA52614A2710095BB70 /* execution-controller.swift */ = {isa = PBXFileReference; lastKnownFileType = sourcecode.swift; path = "execution-controller.swift"; sourceTree = "<group>"; };
		ABC5FBA92614A2ED0095BB70 /* errors-from-assembly.swift */ = {isa = PBXFileReference; lastKnownFileType = sourcecode.swift; path = "errors-from-assembly.swift"; sourceTree = "<group>"; };
		ABC5FBAD2614C19D0095BB70 /* errors-from-declarations.swift */ = {isa = PBXFileReference; lastKnownFileType = sourcecode.swift; path = "errors-from-declarations.swift"; sourceTree = "<group>"; };
		ABC5FBB22614C20A0095BB70 /* variable-declaration-parsing.swift */ = {isa = PBXFileReference; lastKnownFileType = sourcecode.swift; path = "variable-declaration-parsing.swift"; sourceTree = "<group>"; };
		ABC5FBBC2614C3E10095BB70 /* declared-variable.swift */ = {isa = PBXFileReference; lastKnownFileType = sourcecode.swift; path = "declared-variable.swift"; sourceTree = "<group>"; };
		ABC5FBC32614C5170095BB70 /* string-to-enumerated-lines.swift */ = {isa = PBXFileReference; lastKnownFileType = sourcecode.swift; path = "string-to-enumerated-lines.swift"; sourceTree = "<group>"; };
		ABC5FBC72614EFBA0095BB70 /* string-split-into-components-remove-empties.swift */ = {isa = PBXFileReference; lastKnownFileType = sourcecode.swift; path = "string-split-into-components-remove-empties.swift"; sourceTree = "<group>"; };
/* End PBXFileReference section */

/* Begin PBXFrameworksBuildPhase section */
		ABBC7EE52613B3A8003C6047 /* Frameworks */ = {
			isa = PBXFrameworksBuildPhase;
			buildActionMask = 2147483647;
			files = (
			);
			runOnlyForDeploymentPostprocessing = 0;
		};
		ABBC7F0C2613B4BD003C6047 /* Frameworks */ = {
			isa = PBXFrameworksBuildPhase;
			buildActionMask = 2147483647;
			files = (
			);
			runOnlyForDeploymentPostprocessing = 0;
		};
/* End PBXFrameworksBuildPhase section */

/* Begin PBXGroup section */
		AB2356E82617E570000C59C7 /* Controllers */ = {
			isa = PBXGroup;
			children = (
				ABA880A22615CF730001817C /* assembly-controller.swift */,
				ABC5FBA52614A2710095BB70 /* execution-controller.swift */,
			);
			path = Controllers;
			sourceTree = "<group>";
		};
		ABA880912615C93A0001817C /* Preperation-For-Execution */ = {
			isa = PBXGroup;
			children = (
				ABA880922615C98D0001817C /* assembly-services.swift */,
				ABA8809A2615CA160001817C /* prepared-and-assembled-code.swift */,
			);
			path = "Preperation-For-Execution";
			sourceTree = "<group>";
		};
		ABBC7EDF2613B3A8003C6047 = {
			isa = PBXGroup;
			children = (
				ABBC7EEA2613B3A8003C6047 /* LittleSwiftComputer */,
				ABBC7F102613B4BD003C6047 /* LittleSwiftComputerTests */,
				ABBC7EE92613B3A8003C6047 /* Products */,
			);
			sourceTree = "<group>";
		};
		ABBC7EE92613B3A8003C6047 /* Products */ = {
			isa = PBXGroup;
			children = (
				ABBC7EE82613B3A8003C6047 /* LittleSwiftComputer.app */,
				ABBC7F0F2613B4BD003C6047 /* LittleSwiftComputerTests.xctest */,
			);
			name = Products;
			sourceTree = "<group>";
		};
		ABBC7EEA2613B3A8003C6047 /* LittleSwiftComputer */ = {
			isa = PBXGroup;
			children = (
				ABBC7EFC2613B3CC003C6047 /* Sources */,
				ABBC7EEB2613B3A8003C6047 /* LittleSwiftComputerApp.swift */,
				ABBC7EED2613B3A8003C6047 /* LittleSwiftComputerView.swift */,
				ABBC7EEF2613B3AA003C6047 /* Assets.xcassets */,
				ABBC7EF42613B3AA003C6047 /* Info.plist */,
				ABBC7EF52613B3AA003C6047 /* LittleSwiftComputer.entitlements */,
				ABBC7EF12613B3AA003C6047 /* Preview Content */,
			);
			path = LittleSwiftComputer;
			sourceTree = "<group>";
		};
		ABBC7EF12613B3AA003C6047 /* Preview Content */ = {
			isa = PBXGroup;
			children = (
				ABBC7EF22613B3AA003C6047 /* Preview Assets.xcassets */,
			);
			path = "Preview Content";
			sourceTree = "<group>";
		};
		ABBC7EFC2613B3CC003C6047 /* Sources */ = {
			isa = PBXGroup;
			children = (
				AB2356E82617E570000C59C7 /* Controllers */,
				ABBC7EFE2613B3E9003C6047 /* Assembling */,
				ABC5FBA22614A24F0095BB70 /* Execution */,
				ABBC7EFD2613B3D7003C6047 /* Utilities */,
			);
			path = Sources;
			sourceTree = "<group>";
		};
		ABBC7EFD2613B3D7003C6047 /* Utilities */ = {
			isa = PBXGroup;
			children = (
				ABC5FBCB2614EFF60095BB70 /* String-Extensions */,
				ABBC7F052613B435003C6047 /* safe-array-access.swift */,
			);
			path = Utilities;
			sourceTree = "<group>";
		};
		ABBC7EFE2613B3E9003C6047 /* Assembling */ = {
			isa = PBXGroup;
			children = (
				ABC5FBC02614C40A0095BB70 /* CodeAssembly */,
				ABC5FBB72614C23B0095BB70 /* Declarations */,
				ABA880912615C93A0001817C /* Preperation-For-Execution */,
			);
			path = Assembling;
			sourceTree = "<group>";
		};
		ABBC7F102613B4BD003C6047 /* LittleSwiftComputerTests */ = {
			isa = PBXGroup;
			children = (
				ABBC7F112613B4BD003C6047 /* LittleSwiftComputerTests.swift */,
				ABBC7F132613B4BD003C6047 /* Info.plist */,
			);
			path = LittleSwiftComputerTests;
			sourceTree = "<group>";
		};
		ABBC7F262613B82E003C6047 /* Types */ = {
			isa = PBXGroup;
			children = (
				ABBC7F1C2613B810003C6047 /* branch-placeholder.swift */,
				ABBC7F222613B824003C6047 /* assembled-code.swift */,
				ABBC7EFF2613B400003C6047 /* assembled-instruction.swift */,
			);
			path = Types;
			sourceTree = "<group>";
		};
		ABC5FBA22614A24F0095BB70 /* Execution */ = {
			isa = PBXGroup;
			children = (
				AB9D50C42616034500AE7B6B /* register-data.swift */,
				AB27330C26161C50000FE5E3 /* execution-errors.swift */,
				AB2356EF2617E5EB000C59C7 /* execution.swift */,
			);
			path = Execution;
			sourceTree = "<group>";
		};
		ABC5FBB72614C23B0095BB70 /* Declarations */ = {
			isa = PBXGroup;
			children = (
				ABC5FBAD2614C19D0095BB70 /* errors-from-declarations.swift */,
				ABC5FBB22614C20A0095BB70 /* variable-declaration-parsing.swift */,
				ABC5FBBC2614C3E10095BB70 /* declared-variable.swift */,
			);
			path = Declarations;
			sourceTree = "<group>";
		};
		ABC5FBC02614C40A0095BB70 /* CodeAssembly */ = {
			isa = PBXGroup;
			children = (
				ABC5FBA92614A2ED0095BB70 /* errors-from-assembly.swift */,
				ABBC7F022613B41D003C6047 /* assembly-operators.swift */,
				ABBC7F082613B444003C6047 /* assembler.swift */,
				ABBC7F262613B82E003C6047 /* Types */,
			);
			path = CodeAssembly;
			sourceTree = "<group>";
		};
		ABC5FBCB2614EFF60095BB70 /* String-Extensions */ = {
			isa = PBXGroup;
			children = (
				ABC5FBC32614C5170095BB70 /* string-to-enumerated-lines.swift */,
				ABC5FBC72614EFBA0095BB70 /* string-split-into-components-remove-empties.swift */,
			);
			path = "String-Extensions";
			sourceTree = "<group>";
		};
/* End PBXGroup section */

/* Begin PBXNativeTarget section */
		ABBC7EE72613B3A8003C6047 /* LittleSwiftComputer */ = {
			isa = PBXNativeTarget;
			buildConfigurationList = ABBC7EF82613B3AA003C6047 /* Build configuration list for PBXNativeTarget "LittleSwiftComputer" */;
			buildPhases = (
				ABBC7EE42613B3A8003C6047 /* Sources */,
				ABBC7EE52613B3A8003C6047 /* Frameworks */,
				ABBC7EE62613B3A8003C6047 /* Resources */,
			);
			buildRules = (
			);
			dependencies = (
			);
			name = LittleSwiftComputer;
			productName = LittleSwiftComputer;
			productReference = ABBC7EE82613B3A8003C6047 /* LittleSwiftComputer.app */;
			productType = "com.apple.product-type.application";
		};
		ABBC7F0E2613B4BD003C6047 /* LittleSwiftComputerTests */ = {
			isa = PBXNativeTarget;
			buildConfigurationList = ABBC7F162613B4BD003C6047 /* Build configuration list for PBXNativeTarget "LittleSwiftComputerTests" */;
			buildPhases = (
				ABBC7F0B2613B4BD003C6047 /* Sources */,
				ABBC7F0C2613B4BD003C6047 /* Frameworks */,
				ABBC7F0D2613B4BD003C6047 /* Resources */,
			);
			buildRules = (
			);
			dependencies = (
				ABBC7F152613B4BD003C6047 /* PBXTargetDependency */,
			);
			name = LittleSwiftComputerTests;
			productName = LittleSwiftComputerTests;
			productReference = ABBC7F0F2613B4BD003C6047 /* LittleSwiftComputerTests.xctest */;
			productType = "com.apple.product-type.bundle.unit-test";
		};
/* End PBXNativeTarget section */

/* Begin PBXProject section */
		ABBC7EE02613B3A8003C6047 /* Project object */ = {
			isa = PBXProject;
			attributes = {
				LastSwiftUpdateCheck = 1240;
				LastUpgradeCheck = 1240;
				TargetAttributes = {
					ABBC7EE72613B3A8003C6047 = {
						CreatedOnToolsVersion = 12.4;
					};
					ABBC7F0E2613B4BD003C6047 = {
						CreatedOnToolsVersion = 12.4;
						TestTargetID = ABBC7EE72613B3A8003C6047;
					};
				};
			};
			buildConfigurationList = ABBC7EE32613B3A8003C6047 /* Build configuration list for PBXProject "LittleSwiftComputer" */;
			compatibilityVersion = "Xcode 9.3";
			developmentRegion = en;
			hasScannedForEncodings = 0;
			knownRegions = (
				en,
				Base,
			);
			mainGroup = ABBC7EDF2613B3A8003C6047;
			productRefGroup = ABBC7EE92613B3A8003C6047 /* Products */;
			projectDirPath = "";
			projectRoot = "";
			targets = (
				ABBC7EE72613B3A8003C6047 /* LittleSwiftComputer */,
				ABBC7F0E2613B4BD003C6047 /* LittleSwiftComputerTests */,
			);
		};
/* End PBXProject section */

/* Begin PBXResourcesBuildPhase section */
		ABBC7EE62613B3A8003C6047 /* Resources */ = {
			isa = PBXResourcesBuildPhase;
			buildActionMask = 2147483647;
			files = (
				ABBC7EF32613B3AA003C6047 /* Preview Assets.xcassets in Resources */,
				ABBC7EF02613B3AA003C6047 /* Assets.xcassets in Resources */,
			);
			runOnlyForDeploymentPostprocessing = 0;
		};
		ABBC7F0D2613B4BD003C6047 /* Resources */ = {
			isa = PBXResourcesBuildPhase;
			buildActionMask = 2147483647;
			files = (
			);
			runOnlyForDeploymentPostprocessing = 0;
		};
/* End PBXResourcesBuildPhase section */

/* Begin PBXSourcesBuildPhase section */
		ABBC7EE42613B3A8003C6047 /* Sources */ = {
			isa = PBXSourcesBuildPhase;
			buildActionMask = 2147483647;
			files = (
				ABC5FBA62614A2710095BB70 /* execution-controller.swift in Sources */,
				ABBC7EEE2613B3A8003C6047 /* LittleSwiftComputerView.swift in Sources */,
				ABC5FBBD2614C3E10095BB70 /* declared-variable.swift in Sources */,
				ABA880932615C98D0001817C /* assembly-services.swift in Sources */,
				ABBC7F062613B435003C6047 /* safe-array-access.swift in Sources */,
				ABBC7F002613B401003C6047 /* assembled-instruction.swift in Sources */,
				ABA8809B2615CA160001817C /* prepared-and-assembled-code.swift in Sources */,
				AB27330D26161C50000FE5E3 /* execution-errors.swift in Sources */,
				ABBC7F232613B824003C6047 /* assembled-code.swift in Sources */,
				AB2356F02617E5EB000C59C7 /* execution.swift in Sources */,
				ABBC7EEC2613B3A8003C6047 /* LittleSwiftComputerApp.swift in Sources */,
				ABC5FBAA2614A2ED0095BB70 /* errors-from-assembly.swift in Sources */,
				AB9D50C52616034500AE7B6B /* register-data.swift in Sources */,
				ABC5FBC42614C5170095BB70 /* string-to-enumerated-lines.swift in Sources */,
				ABC5FBC82614EFBA0095BB70 /* string-split-into-components-remove-empties.swift in Sources */,
				ABA880A32615CF730001817C /* assembly-controller.swift in Sources */,
				ABBC7F1D2613B810003C6047 /* branch-placeholder.swift in Sources */,
				ABBC7F092613B444003C6047 /* assembler.swift in Sources */,
				ABC5FBAE2614C19D0095BB70 /* errors-from-declarations.swift in Sources */,
				ABBC7F032613B41D003C6047 /* assembly-operators.swift in Sources */,
				ABC5FBB32614C20A0095BB70 /* variable-declaration-parsing.swift in Sources */,
			);
			runOnlyForDeploymentPostprocessing = 0;
		};
		ABBC7F0B2613B4BD003C6047 /* Sources */ = {
			isa = PBXSourcesBuildPhase;
			buildActionMask = 2147483647;
			files = (
				ABBC7F122613B4BD003C6047 /* LittleSwiftComputerTests.swift in Sources */,
			);
			runOnlyForDeploymentPostprocessing = 0;
		};
/* End PBXSourcesBuildPhase section */

/* Begin PBXTargetDependency section */
		ABBC7F152613B4BD003C6047 /* PBXTargetDependency */ = {
			isa = PBXTargetDependency;
			target = ABBC7EE72613B3A8003C6047 /* LittleSwiftComputer */;
			targetProxy = ABBC7F142613B4BD003C6047 /* PBXContainerItemProxy */;
		};
/* End PBXTargetDependency section */

/* Begin XCBuildConfiguration section */
		ABBC7EF62613B3AA003C6047 /* Debug */ = {
			isa = XCBuildConfiguration;
			buildSettings = {
				ALWAYS_SEARCH_USER_PATHS = NO;
				CLANG_ANALYZER_NONNULL = YES;
				CLANG_ANALYZER_NUMBER_OBJECT_CONVERSION = YES_AGGRESSIVE;
				CLANG_CXX_LANGUAGE_STANDARD = "gnu++14";
				CLANG_CXX_LIBRARY = "libc++";
				CLANG_ENABLE_MODULES = YES;
				CLANG_ENABLE_OBJC_ARC = YES;
				CLANG_ENABLE_OBJC_WEAK = YES;
				CLANG_WARN_BLOCK_CAPTURE_AUTORELEASING = YES;
				CLANG_WARN_BOOL_CONVERSION = YES;
				CLANG_WARN_COMMA = YES;
				CLANG_WARN_CONSTANT_CONVERSION = YES;
				CLANG_WARN_DEPRECATED_OBJC_IMPLEMENTATIONS = YES;
				CLANG_WARN_DIRECT_OBJC_ISA_USAGE = YES_ERROR;
				CLANG_WARN_DOCUMENTATION_COMMENTS = YES;
				CLANG_WARN_EMPTY_BODY = YES;
				CLANG_WARN_ENUM_CONVERSION = YES;
				CLANG_WARN_INFINITE_RECURSION = YES;
				CLANG_WARN_INT_CONVERSION = YES;
				CLANG_WARN_NON_LITERAL_NULL_CONVERSION = YES;
				CLANG_WARN_OBJC_IMPLICIT_RETAIN_SELF = YES;
				CLANG_WARN_OBJC_LITERAL_CONVERSION = YES;
				CLANG_WARN_OBJC_ROOT_CLASS = YES_ERROR;
				CLANG_WARN_QUOTED_INCLUDE_IN_FRAMEWORK_HEADER = YES;
				CLANG_WARN_RANGE_LOOP_ANALYSIS = YES;
				CLANG_WARN_STRICT_PROTOTYPES = YES;
				CLANG_WARN_SUSPICIOUS_MOVE = YES;
				CLANG_WARN_UNGUARDED_AVAILABILITY = YES_AGGRESSIVE;
				CLANG_WARN_UNREACHABLE_CODE = YES;
				CLANG_WARN__DUPLICATE_METHOD_MATCH = YES;
				COPY_PHASE_STRIP = NO;
				DEBUG_INFORMATION_FORMAT = dwarf;
				ENABLE_STRICT_OBJC_MSGSEND = YES;
				ENABLE_TESTABILITY = YES;
				GCC_C_LANGUAGE_STANDARD = gnu11;
				GCC_DYNAMIC_NO_PIC = NO;
				GCC_NO_COMMON_BLOCKS = YES;
				GCC_OPTIMIZATION_LEVEL = 0;
				GCC_PREPROCESSOR_DEFINITIONS = (
					"DEBUG=1",
					"$(inherited)",
				);
				GCC_WARN_64_TO_32_BIT_CONVERSION = YES;
				GCC_WARN_ABOUT_RETURN_TYPE = YES_ERROR;
				GCC_WARN_UNDECLARED_SELECTOR = YES;
				GCC_WARN_UNINITIALIZED_AUTOS = YES_AGGRESSIVE;
				GCC_WARN_UNUSED_FUNCTION = YES;
				GCC_WARN_UNUSED_VARIABLE = YES;
				MACOSX_DEPLOYMENT_TARGET = 11.1;
				MTL_ENABLE_DEBUG_INFO = INCLUDE_SOURCE;
				MTL_FAST_MATH = YES;
				ONLY_ACTIVE_ARCH = YES;
				SDKROOT = macosx;
				SWIFT_ACTIVE_COMPILATION_CONDITIONS = DEBUG;
				SWIFT_OPTIMIZATION_LEVEL = "-Onone";
			};
			name = Debug;
		};
		ABBC7EF72613B3AA003C6047 /* Release */ = {
			isa = XCBuildConfiguration;
			buildSettings = {
				ALWAYS_SEARCH_USER_PATHS = NO;
				CLANG_ANALYZER_NONNULL = YES;
				CLANG_ANALYZER_NUMBER_OBJECT_CONVERSION = YES_AGGRESSIVE;
				CLANG_CXX_LANGUAGE_STANDARD = "gnu++14";
				CLANG_CXX_LIBRARY = "libc++";
				CLANG_ENABLE_MODULES = YES;
				CLANG_ENABLE_OBJC_ARC = YES;
				CLANG_ENABLE_OBJC_WEAK = YES;
				CLANG_WARN_BLOCK_CAPTURE_AUTORELEASING = YES;
				CLANG_WARN_BOOL_CONVERSION = YES;
				CLANG_WARN_COMMA = YES;
				CLANG_WARN_CONSTANT_CONVERSION = YES;
				CLANG_WARN_DEPRECATED_OBJC_IMPLEMENTATIONS = YES;
				CLANG_WARN_DIRECT_OBJC_ISA_USAGE = YES_ERROR;
				CLANG_WARN_DOCUMENTATION_COMMENTS = YES;
				CLANG_WARN_EMPTY_BODY = YES;
				CLANG_WARN_ENUM_CONVERSION = YES;
				CLANG_WARN_INFINITE_RECURSION = YES;
				CLANG_WARN_INT_CONVERSION = YES;
				CLANG_WARN_NON_LITERAL_NULL_CONVERSION = YES;
				CLANG_WARN_OBJC_IMPLICIT_RETAIN_SELF = YES;
				CLANG_WARN_OBJC_LITERAL_CONVERSION = YES;
				CLANG_WARN_OBJC_ROOT_CLASS = YES_ERROR;
				CLANG_WARN_QUOTED_INCLUDE_IN_FRAMEWORK_HEADER = YES;
				CLANG_WARN_RANGE_LOOP_ANALYSIS = YES;
				CLANG_WARN_STRICT_PROTOTYPES = YES;
				CLANG_WARN_SUSPICIOUS_MOVE = YES;
				CLANG_WARN_UNGUARDED_AVAILABILITY = YES_AGGRESSIVE;
				CLANG_WARN_UNREACHABLE_CODE = YES;
				CLANG_WARN__DUPLICATE_METHOD_MATCH = YES;
				COPY_PHASE_STRIP = NO;
				DEBUG_INFORMATION_FORMAT = "dwarf-with-dsym";
				ENABLE_NS_ASSERTIONS = NO;
				ENABLE_STRICT_OBJC_MSGSEND = YES;
				GCC_C_LANGUAGE_STANDARD = gnu11;
				GCC_NO_COMMON_BLOCKS = YES;
				GCC_WARN_64_TO_32_BIT_CONVERSION = YES;
				GCC_WARN_ABOUT_RETURN_TYPE = YES_ERROR;
				GCC_WARN_UNDECLARED_SELECTOR = YES;
				GCC_WARN_UNINITIALIZED_AUTOS = YES_AGGRESSIVE;
				GCC_WARN_UNUSED_FUNCTION = YES;
				GCC_WARN_UNUSED_VARIABLE = YES;
				MACOSX_DEPLOYMENT_TARGET = 11.1;
				MTL_ENABLE_DEBUG_INFO = NO;
				MTL_FAST_MATH = YES;
				SDKROOT = macosx;
				SWIFT_COMPILATION_MODE = wholemodule;
				SWIFT_OPTIMIZATION_LEVEL = "-O";
			};
			name = Release;
		};
		ABBC7EF92613B3AA003C6047 /* Debug */ = {
			isa = XCBuildConfiguration;
			buildSettings = {
				ASSETCATALOG_COMPILER_APPICON_NAME = AppIcon;
				ASSETCATALOG_COMPILER_GLOBAL_ACCENT_COLOR_NAME = AccentColor;
				CODE_SIGN_ENTITLEMENTS = LittleSwiftComputer/LittleSwiftComputer.entitlements;
				CODE_SIGN_STYLE = Automatic;
				COMBINE_HIDPI_IMAGES = YES;
				DEVELOPMENT_ASSET_PATHS = "\"LittleSwiftComputer/Preview Content\"";
				DEVELOPMENT_TEAM = NBY2AG34M4;
				ENABLE_HARDENED_RUNTIME = YES;
				ENABLE_PREVIEWS = YES;
				INFOPLIST_FILE = LittleSwiftComputer/Info.plist;
				LD_RUNPATH_SEARCH_PATHS = (
					"$(inherited)",
					"@executable_path/../Frameworks",
				);
				MACOSX_DEPLOYMENT_TARGET = 11.0;
				PRODUCT_BUNDLE_IDENTIFIER = cjw.LittleSwiftComputer;
				PRODUCT_NAME = "$(TARGET_NAME)";
				SWIFT_VERSION = 5.0;
			};
			name = Debug;
		};
		ABBC7EFA2613B3AA003C6047 /* Release */ = {
			isa = XCBuildConfiguration;
			buildSettings = {
				ASSETCATALOG_COMPILER_APPICON_NAME = AppIcon;
				ASSETCATALOG_COMPILER_GLOBAL_ACCENT_COLOR_NAME = AccentColor;
				CODE_SIGN_ENTITLEMENTS = LittleSwiftComputer/LittleSwiftComputer.entitlements;
				CODE_SIGN_STYLE = Automatic;
				COMBINE_HIDPI_IMAGES = YES;
				DEVELOPMENT_ASSET_PATHS = "\"LittleSwiftComputer/Preview Content\"";
				DEVELOPMENT_TEAM = NBY2AG34M4;
				ENABLE_HARDENED_RUNTIME = YES;
				ENABLE_PREVIEWS = YES;
				INFOPLIST_FILE = LittleSwiftComputer/Info.plist;
				LD_RUNPATH_SEARCH_PATHS = (
					"$(inherited)",
					"@executable_path/../Frameworks",
				);
				MACOSX_DEPLOYMENT_TARGET = 11.0;
				PRODUCT_BUNDLE_IDENTIFIER = cjw.LittleSwiftComputer;
				PRODUCT_NAME = "$(TARGET_NAME)";
				SWIFT_VERSION = 5.0;
			};
			name = Release;
		};
		ABBC7F172613B4BD003C6047 /* Debug */ = {
			isa = XCBuildConfiguration;
			buildSettings = {
				BUNDLE_LOADER = "$(TEST_HOST)";
				CODE_SIGN_STYLE = Automatic;
				COMBINE_HIDPI_IMAGES = YES;
				DEVELOPMENT_TEAM = NBY2AG34M4;
				INFOPLIST_FILE = LittleSwiftComputerTests/Info.plist;
				LD_RUNPATH_SEARCH_PATHS = (
					"$(inherited)",
					"@executable_path/../Frameworks",
					"@loader_path/../Frameworks",
				);
				PRODUCT_BUNDLE_IDENTIFIER = cjw.LittleSwiftComputerTests;
				PRODUCT_NAME = "$(TARGET_NAME)";
				SWIFT_VERSION = 5.0;
				TEST_HOST = "$(BUILT_PRODUCTS_DIR)/LittleSwiftComputer.app/Contents/MacOS/LittleSwiftComputer";
			};
			name = Debug;
		};
		ABBC7F182613B4BD003C6047 /* Release */ = {
			isa = XCBuildConfiguration;
			buildSettings = {
				BUNDLE_LOADER = "$(TEST_HOST)";
				CODE_SIGN_STYLE = Automatic;
				COMBINE_HIDPI_IMAGES = YES;
				DEVELOPMENT_TEAM = NBY2AG34M4;
				INFOPLIST_FILE = LittleSwiftComputerTests/Info.plist;
				LD_RUNPATH_SEARCH_PATHS = (
					"$(inherited)",
					"@executable_path/../Frameworks",
					"@loader_path/../Frameworks",
				);
				PRODUCT_BUNDLE_IDENTIFIER = cjw.LittleSwiftComputerTests;
				PRODUCT_NAME = "$(TARGET_NAME)";
				SWIFT_VERSION = 5.0;
				TEST_HOST = "$(BUILT_PRODUCTS_DIR)/LittleSwiftComputer.app/Contents/MacOS/LittleSwiftComputer";
			};
			name = Release;
		};
/* End XCBuildConfiguration section */

/* Begin XCConfigurationList section */
		ABBC7EE32613B3A8003C6047 /* Build configuration list for PBXProject "LittleSwiftComputer" */ = {
			isa = XCConfigurationList;
			buildConfigurations = (
				ABBC7EF62613B3AA003C6047 /* Debug */,
				ABBC7EF72613B3AA003C6047 /* Release */,
			);
			defaultConfigurationIsVisible = 0;
			defaultConfigurationName = Release;
		};
		ABBC7EF82613B3AA003C6047 /* Build configuration list for PBXNativeTarget "LittleSwiftComputer" */ = {
			isa = XCConfigurationList;
			buildConfigurations = (
				ABBC7EF92613B3AA003C6047 /* Debug */,
				ABBC7EFA2613B3AA003C6047 /* Release */,
			);
			defaultConfigurationIsVisible = 0;
			defaultConfigurationName = Release;
		};
		ABBC7F162613B4BD003C6047 /* Build configuration list for PBXNativeTarget "LittleSwiftComputerTests" */ = {
			isa = XCConfigurationList;
			buildConfigurations = (
				ABBC7F172613B4BD003C6047 /* Debug */,
				ABBC7F182613B4BD003C6047 /* Release */,
			);
			defaultConfigurationIsVisible = 0;
			defaultConfigurationName = Release;
		};
/* End XCConfigurationList section */
	};
	rootObject = ABBC7EE02613B3A8003C6047 /* Project object */;
}
